// !$*UTF8*$!
{
	archiveVersion = 1;
	classes = {
	};
	objectVersion = 46;
	objects = {

/* Begin PBXBuildFile section */
		1D60589B0D05DD56006BFB54 /* main.m in Sources */ = {isa = PBXBuildFile; fileRef = 29B97316FDCFA39411CA2CEA /* main.m */; };
		1D60589F0D05DD5A006BFB54 /* Foundation.framework in Frameworks */ = {isa = PBXBuildFile; fileRef = 1D30AB110D05D00D00671497 /* Foundation.framework */; };
		1DF5F4E00D08C38300B7A737 /* UIKit.framework in Frameworks */ = {isa = PBXBuildFile; fileRef = 1DF5F4DF0D08C38300B7A737 /* UIKit.framework */; };
		288765A50DF7441C002DB57D /* CoreGraphics.framework in Frameworks */ = {isa = PBXBuildFile; fileRef = 288765A40DF7441C002DB57D /* CoreGraphics.framework */; };
		4848687B156B0B4900A6E5E6 /* cordova_ios_57.png in Resources */ = {isa = PBXBuildFile; fileRef = 4848687A156B0B4900A6E5E6 /* cordova_ios_57.png */; };
		4848687E156B0B5400A6E5E6 /* cordova_ios_114.png in Resources */ = {isa = PBXBuildFile; fileRef = 4848687D156B0B5400A6E5E6 /* cordova_ios_114.png */; };
		48486880156B0B5A00A6E5E6 /* cordova_ios_72.png in Resources */ = {isa = PBXBuildFile; fileRef = 4848687F156B0B5A00A6E5E6 /* cordova_ios_72.png */; };
		48486882156B0B5F00A6E5E6 /* cordova_ios_144.png in Resources */ = {isa = PBXBuildFile; fileRef = 48486881156B0B5F00A6E5E6 /* cordova_ios_144.png */; };
		48486884156B0B6E00A6E5E6 /* Default-Landscape@2x~ipad.png in Resources */ = {isa = PBXBuildFile; fileRef = 48486883156B0B6E00A6E5E6 /* Default-Landscape@2x~ipad.png */; };
		48486886156B0B7A00A6E5E6 /* Default-Portrait@2x~ipad.png in Resources */ = {isa = PBXBuildFile; fileRef = 48486885156B0B7A00A6E5E6 /* Default-Portrait@2x~ipad.png */; };
		48486888156B0D6A00A6E5E6 /* www in Resources */ = {isa = PBXBuildFile; fileRef = 48486887156B0D6A00A6E5E6 /* www */; };
		485DA8A7156ECBA900E6B4F8 /* ChildBrowser.bundle in Resources */ = {isa = PBXBuildFile; fileRef = 485DA89D156ECBA900E6B4F8 /* ChildBrowser.bundle */; };
		485DA8A8156ECBA900E6B4F8 /* ChildBrowser.js in Sources */ = {isa = PBXBuildFile; fileRef = 485DA89E156ECBA900E6B4F8 /* ChildBrowser.js */; };
		485DA8A9156ECBA900E6B4F8 /* ChildBrowserCommand.m in Sources */ = {isa = PBXBuildFile; fileRef = 485DA8A0156ECBA900E6B4F8 /* ChildBrowserCommand.m */; };
		485DA8AA156ECBA900E6B4F8 /* ChildBrowserViewController.m in Sources */ = {isa = PBXBuildFile; fileRef = 485DA8A2156ECBA900E6B4F8 /* ChildBrowserViewController.m */; };
		485DA8AB156ECBA900E6B4F8 /* ChildBrowserViewController.xib in Resources */ = {isa = PBXBuildFile; fileRef = 485DA8A3156ECBA900E6B4F8 /* ChildBrowserViewController.xib */; };
		485DA8AC156ECBA900E6B4F8 /* Cordova.plist.png in Resources */ = {isa = PBXBuildFile; fileRef = 485DA8A4156ECBA900E6B4F8 /* Cordova.plist.png */; };
		485DA8AD156ECBA900E6B4F8 /* index.html in Resources */ = {isa = PBXBuildFile; fileRef = 485DA8A5156ECBA900E6B4F8 /* index.html */; };
		485DA8AE156ECBA900E6B4F8 /* README.md in Resources */ = {isa = PBXBuildFile; fileRef = 485DA8A6156ECBA900E6B4F8 /* README.md */; };
		4863E9C9159969A30031507C /* Cordova.framework in Frameworks */ = {isa = PBXBuildFile; fileRef = 4863E9C8159969A30031507C /* Cordova.framework */; };
		48BCBEE1156B10A800A10F16 /* AddressBook.framework in Frameworks */ = {isa = PBXBuildFile; fileRef = 48BCBEE0156B10A800A10F16 /* AddressBook.framework */; };
		48BCBEE3156B10AE00A10F16 /* AddressBookUI.framework in Frameworks */ = {isa = PBXBuildFile; fileRef = 48BCBEE2156B10AE00A10F16 /* AddressBookUI.framework */; };
		48BCBEE5156B10B300A10F16 /* AudioToolbox.framework in Frameworks */ = {isa = PBXBuildFile; fileRef = 48BCBEE4156B10B300A10F16 /* AudioToolbox.framework */; };
		48BCBEE7156B10BA00A10F16 /* AVFoundation.framework in Frameworks */ = {isa = PBXBuildFile; fileRef = 48BCBEE6156B10BA00A10F16 /* AVFoundation.framework */; };
		48BCBEE9156B10C700A10F16 /* CoreLocation.framework in Frameworks */ = {isa = PBXBuildFile; fileRef = 48BCBEE8156B10C700A10F16 /* CoreLocation.framework */; };
		48BCBEEB156B10D200A10F16 /* MediaPlayer.framework in Frameworks */ = {isa = PBXBuildFile; fileRef = 48BCBEEA156B10D200A10F16 /* MediaPlayer.framework */; };
		48BCBEED156B10DA00A10F16 /* QuartzCore.framework in Frameworks */ = {isa = PBXBuildFile; fileRef = 48BCBEEC156B10DA00A10F16 /* QuartzCore.framework */; };
		48BCBEEF156B10E100A10F16 /* SystemConfiguration.framework in Frameworks */ = {isa = PBXBuildFile; fileRef = 48BCBEEE156B10E100A10F16 /* SystemConfiguration.framework */; };
		48BCBEF1156B10EB00A10F16 /* MobileCoreServices.framework in Frameworks */ = {isa = PBXBuildFile; fileRef = 48BCBEF0156B10EB00A10F16 /* MobileCoreServices.framework */; };
		48BCBEF3156B10F500A10F16 /* CoreMedia.framework in Frameworks */ = {isa = PBXBuildFile; fileRef = 48BCBEF2156B10F400A10F16 /* CoreMedia.framework */; };
		48BCBEF5156B118C00A10F16 /* Cordova.plist in Resources */ = {isa = PBXBuildFile; fileRef = 48BCBEF4156B118C00A10F16 /* Cordova.plist */; };
		48BCBF18156B11CA00A10F16 /* CDVWebInspector.m in Sources */ = {isa = PBXBuildFile; fileRef = 48BCBF14156B11CA00A10F16 /* CDVWebInspector.m */; };
		48BCBF19156B11CA00A10F16 /* cordova-WebInspector.js in Sources */ = {isa = PBXBuildFile; fileRef = 48BCBF15156B11CA00A10F16 /* cordova-WebInspector.js */; };
		48BCBF1A156B11CA00A10F16 /* LICENSE in Resources */ = {isa = PBXBuildFile; fileRef = 48BCBF16156B11CA00A10F16 /* LICENSE */; };
		48BCBF1B156B11CA00A10F16 /* README.md in Resources */ = {isa = PBXBuildFile; fileRef = 48BCBF17156B11CA00A10F16 /* README.md */; };
		48BCBF2C156B11DF00A10F16 /* demo.js in Sources */ = {isa = PBXBuildFile; fileRef = 48BCBF1F156B11DF00A10F16 /* demo.js */; };
		48BCBF2D156B11DF00A10F16 /* index.html in Resources */ = {isa = PBXBuildFile; fileRef = 48BCBF20156B11DF00A10F16 /* index.html */; };
		48BCBF2E156B11DF00A10F16 /* ninja-lolcat.gif in Resources */ = {isa = PBXBuildFile; fileRef = 48BCBF21156B11DF00A10F16 /* ninja-lolcat.gif */; };
		48BCBF2F156B11DF00A10F16 /* install in Resources */ = {isa = PBXBuildFile; fileRef = 48BCBF22156B11DF00A10F16 /* install */; };
		48BCBF30156B11DF00A10F16 /* LICENSE.md in Resources */ = {isa = PBXBuildFile; fileRef = 48BCBF23156B11DF00A10F16 /* LICENSE.md */; };
		48BCBF31156B11DF00A10F16 /* TwitterPlugin.m in Sources */ = {isa = PBXBuildFile; fileRef = 48BCBF27156B11DF00A10F16 /* TwitterPlugin.m */; };
		48BCBF32156B11DF00A10F16 /* package.json in Resources */ = {isa = PBXBuildFile; fileRef = 48BCBF28156B11DF00A10F16 /* package.json */; };
		48BCBF33156B11DF00A10F16 /* README.md in Resources */ = {isa = PBXBuildFile; fileRef = 48BCBF29156B11DF00A10F16 /* README.md */; };
		48BCBF34156B11DF00A10F16 /* TwitterPlugin.js in Sources */ = {isa = PBXBuildFile; fileRef = 48BCBF2B156B11DF00A10F16 /* TwitterPlugin.js */; };
		48BCBF3C156B11ED00A10F16 /* .gitignore in Resources */ = {isa = PBXBuildFile; fileRef = 48BCBF36156B11ED00A10F16 /* .gitignore */; };
		48BCBF3D156B11ED00A10F16 /* index.html in Resources */ = {isa = PBXBuildFile; fileRef = 48BCBF37156B11ED00A10F16 /* index.html */; };
		48BCBF3E156B11ED00A10F16 /* README.md in Resources */ = {isa = PBXBuildFile; fileRef = 48BCBF38156B11ED00A10F16 /* README.md */; };
		48BCBF3F156B11ED00A10F16 /* SAiOSAdPlugin.js in Sources */ = {isa = PBXBuildFile; fileRef = 48BCBF3A156B11ED00A10F16 /* SAiOSAdPlugin.js */; };
		48BCBF40156B11ED00A10F16 /* SAiOSAdPlugin.m in Sources */ = {isa = PBXBuildFile; fileRef = 48BCBF3B156B11ED00A10F16 /* SAiOSAdPlugin.m */; };
		48BCBF42156B12BA00A10F16 /* Accounts.framework in Frameworks */ = {isa = PBXBuildFile; fileRef = 48BCBF41156B12BA00A10F16 /* Accounts.framework */; };
		48BCBF44156B12BF00A10F16 /* Twitter.framework in Frameworks */ = {isa = PBXBuildFile; fileRef = 48BCBF43156B12BF00A10F16 /* Twitter.framework */; };
		48BCBF46156B12D300A10F16 /* iAd.framework in Frameworks */ = {isa = PBXBuildFile; fileRef = 48BCBF45156B12D300A10F16 /* iAd.framework */; };
		48BCBF4D156B215C00A10F16 /* cleaverViewController.m in Sources */ = {isa = PBXBuildFile; fileRef = 48BCBF4C156B215C00A10F16 /* cleaverViewController.m */; };
		8E3EA0DB13AB9B7800D6C49B /* Default-Portrait~ipad.png in Resources */ = {isa = PBXBuildFile; fileRef = 8E3EA0DA13AB9B7800D6C49B /* Default-Portrait~ipad.png */; };
		8E3EA0DD13AB9B9400D6C49B /* Default-Landscape~ipad.png in Resources */ = {isa = PBXBuildFile; fileRef = 8E3EA0DC13AB9B9400D6C49B /* Default-Landscape~ipad.png */; };
		8E3EA0E113AB9BAC00D6C49B /* Default@2x.png in Resources */ = {isa = PBXBuildFile; fileRef = 8E3EA0E013AB9BAC00D6C49B /* Default@2x.png */; };
		8E3EA0E313AB9BB100D6C49B /* Default.png in Resources */ = {isa = PBXBuildFile; fileRef = 8E3EA0E213AB9BB100D6C49B /* Default.png */; };
/* End PBXBuildFile section */

/* Begin PBXFileReference section */
		1D30AB110D05D00D00671497 /* Foundation.framework */ = {isa = PBXFileReference; lastKnownFileType = wrapper.framework; name = Foundation.framework; path = System/Library/Frameworks/Foundation.framework; sourceTree = SDKROOT; };
		1D6058910D05DD3D006BFB54 /* CDVSplitView.app */ = {isa = PBXFileReference; explicitFileType = wrapper.application; includeInIndex = 0; path = CDVSplitView.app; sourceTree = BUILT_PRODUCTS_DIR; };
		1DF5F4DF0D08C38300B7A737 /* UIKit.framework */ = {isa = PBXFileReference; lastKnownFileType = wrapper.framework; name = UIKit.framework; path = System/Library/Frameworks/UIKit.framework; sourceTree = SDKROOT; };
		288765A40DF7441C002DB57D /* CoreGraphics.framework */ = {isa = PBXFileReference; lastKnownFileType = wrapper.framework; name = CoreGraphics.framework; path = System/Library/Frameworks/CoreGraphics.framework; sourceTree = SDKROOT; };
		29B97316FDCFA39411CA2CEA /* main.m */ = {isa = PBXFileReference; fileEncoding = 4; lastKnownFileType = sourcecode.c.objc; path = main.m; sourceTree = "<group>"; };
		32CA4F630368D1EE00C91783 /* MT101_Prefix.pch */ = {isa = PBXFileReference; fileEncoding = 4; lastKnownFileType = sourcecode.c.h; path = MT101_Prefix.pch; sourceTree = "<group>"; };
		4848687A156B0B4900A6E5E6 /* cordova_ios_57.png */ = {isa = PBXFileReference; lastKnownFileType = image.png; path = cordova_ios_57.png; sourceTree = "<group>"; };
		4848687D156B0B5400A6E5E6 /* cordova_ios_114.png */ = {isa = PBXFileReference; lastKnownFileType = image.png; path = cordova_ios_114.png; sourceTree = "<group>"; };
		4848687F156B0B5A00A6E5E6 /* cordova_ios_72.png */ = {isa = PBXFileReference; lastKnownFileType = image.png; path = cordova_ios_72.png; sourceTree = "<group>"; };
		48486881156B0B5F00A6E5E6 /* cordova_ios_144.png */ = {isa = PBXFileReference; lastKnownFileType = image.png; path = cordova_ios_144.png; sourceTree = "<group>"; };
		48486883156B0B6E00A6E5E6 /* Default-Landscape@2x~ipad.png */ = {isa = PBXFileReference; lastKnownFileType = image.png; path = "Default-Landscape@2x~ipad.png"; sourceTree = "<group>"; };
		48486885156B0B7A00A6E5E6 /* Default-Portrait@2x~ipad.png */ = {isa = PBXFileReference; lastKnownFileType = image.png; path = "Default-Portrait@2x~ipad.png"; sourceTree = "<group>"; };
		48486887156B0D6A00A6E5E6 /* www */ = {isa = PBXFileReference; lastKnownFileType = folder; path = www; sourceTree = "<group>"; };
		485DA89D156ECBA900E6B4F8 /* ChildBrowser.bundle */ = {isa = PBXFileReference; lastKnownFileType = "wrapper.plug-in"; path = ChildBrowser.bundle; sourceTree = "<group>"; };
		485DA89E156ECBA900E6B4F8 /* ChildBrowser.js */ = {isa = PBXFileReference; fileEncoding = 4; lastKnownFileType = sourcecode.javascript; path = ChildBrowser.js; sourceTree = "<group>"; };
		485DA89F156ECBA900E6B4F8 /* ChildBrowserCommand.h */ = {isa = PBXFileReference; fileEncoding = 4; lastKnownFileType = sourcecode.c.h; path = ChildBrowserCommand.h; sourceTree = "<group>"; };
		485DA8A0156ECBA900E6B4F8 /* ChildBrowserCommand.m */ = {isa = PBXFileReference; fileEncoding = 4; lastKnownFileType = sourcecode.c.objc; path = ChildBrowserCommand.m; sourceTree = "<group>"; };
		485DA8A1156ECBA900E6B4F8 /* ChildBrowserViewController.h */ = {isa = PBXFileReference; fileEncoding = 4; lastKnownFileType = sourcecode.c.h; path = ChildBrowserViewController.h; sourceTree = "<group>"; };
		485DA8A2156ECBA900E6B4F8 /* ChildBrowserViewController.m */ = {isa = PBXFileReference; fileEncoding = 4; lastKnownFileType = sourcecode.c.objc; path = ChildBrowserViewController.m; sourceTree = "<group>"; };
		485DA8A3156ECBA900E6B4F8 /* ChildBrowserViewController.xib */ = {isa = PBXFileReference; fileEncoding = 4; lastKnownFileType = file.xib; path = ChildBrowserViewController.xib; sourceTree = "<group>"; };
		485DA8A4156ECBA900E6B4F8 /* Cordova.plist.png */ = {isa = PBXFileReference; lastKnownFileType = image.png; path = Cordova.plist.png; sourceTree = "<group>"; };
		485DA8A5156ECBA900E6B4F8 /* index.html */ = {isa = PBXFileReference; fileEncoding = 4; lastKnownFileType = text.html; path = index.html; sourceTree = "<group>"; };
		485DA8A6156ECBA900E6B4F8 /* README.md */ = {isa = PBXFileReference; fileEncoding = 4; lastKnownFileType = text; path = README.md; sourceTree = "<group>"; };
		4863E9C8159969A30031507C /* Cordova.framework */ = {isa = PBXFileReference; lastKnownFileType = wrapper.framework; name = Cordova.framework; path = ../../../../Shared/Cordova/Frameworks/Cordova.framework; sourceTree = "<group>"; };
		48BCBEDD156B106700A10F16 /* Cordova.framework */ = {isa = PBXFileReference; lastKnownFileType = wrapper.framework; name = Cordova.framework; path = ../../../Shared/Cordova/Frameworks/Cordova.framework; sourceTree = "<group>"; };
		48BCBEE0156B10A800A10F16 /* AddressBook.framework */ = {isa = PBXFileReference; lastKnownFileType = wrapper.framework; name = AddressBook.framework; path = System/Library/Frameworks/AddressBook.framework; sourceTree = SDKROOT; };
		48BCBEE2156B10AE00A10F16 /* AddressBookUI.framework */ = {isa = PBXFileReference; lastKnownFileType = wrapper.framework; name = AddressBookUI.framework; path = System/Library/Frameworks/AddressBookUI.framework; sourceTree = SDKROOT; };
		48BCBEE4156B10B300A10F16 /* AudioToolbox.framework */ = {isa = PBXFileReference; lastKnownFileType = wrapper.framework; name = AudioToolbox.framework; path = System/Library/Frameworks/AudioToolbox.framework; sourceTree = SDKROOT; };
		48BCBEE6156B10BA00A10F16 /* AVFoundation.framework */ = {isa = PBXFileReference; lastKnownFileType = wrapper.framework; name = AVFoundation.framework; path = System/Library/Frameworks/AVFoundation.framework; sourceTree = SDKROOT; };
		48BCBEE8156B10C700A10F16 /* CoreLocation.framework */ = {isa = PBXFileReference; lastKnownFileType = wrapper.framework; name = CoreLocation.framework; path = System/Library/Frameworks/CoreLocation.framework; sourceTree = SDKROOT; };
		48BCBEEA156B10D200A10F16 /* MediaPlayer.framework */ = {isa = PBXFileReference; lastKnownFileType = wrapper.framework; name = MediaPlayer.framework; path = System/Library/Frameworks/MediaPlayer.framework; sourceTree = SDKROOT; };
		48BCBEEC156B10DA00A10F16 /* QuartzCore.framework */ = {isa = PBXFileReference; lastKnownFileType = wrapper.framework; name = QuartzCore.framework; path = System/Library/Frameworks/QuartzCore.framework; sourceTree = SDKROOT; };
		48BCBEEE156B10E100A10F16 /* SystemConfiguration.framework */ = {isa = PBXFileReference; lastKnownFileType = wrapper.framework; name = SystemConfiguration.framework; path = System/Library/Frameworks/SystemConfiguration.framework; sourceTree = SDKROOT; };
		48BCBEF0156B10EB00A10F16 /* MobileCoreServices.framework */ = {isa = PBXFileReference; lastKnownFileType = wrapper.framework; name = MobileCoreServices.framework; path = System/Library/Frameworks/MobileCoreServices.framework; sourceTree = SDKROOT; };
		48BCBEF2156B10F400A10F16 /* CoreMedia.framework */ = {isa = PBXFileReference; lastKnownFileType = wrapper.framework; name = CoreMedia.framework; path = System/Library/Frameworks/CoreMedia.framework; sourceTree = SDKROOT; };
		48BCBEF4156B118C00A10F16 /* Cordova.plist */ = {isa = PBXFileReference; fileEncoding = 4; lastKnownFileType = text.plist.xml; path = Cordova.plist; sourceTree = "<group>"; };
		48BCBF14156B11CA00A10F16 /* CDVWebInspector.m */ = {isa = PBXFileReference; fileEncoding = 4; lastKnownFileType = sourcecode.c.objc; path = CDVWebInspector.m; sourceTree = "<group>"; };
		48BCBF15156B11CA00A10F16 /* cordova-WebInspector.js */ = {isa = PBXFileReference; fileEncoding = 4; lastKnownFileType = sourcecode.javascript; path = "cordova-WebInspector.js"; sourceTree = "<group>"; };
		48BCBF16156B11CA00A10F16 /* LICENSE */ = {isa = PBXFileReference; fileEncoding = 4; lastKnownFileType = text; path = LICENSE; sourceTree = "<group>"; };
		48BCBF17156B11CA00A10F16 /* README.md */ = {isa = PBXFileReference; fileEncoding = 4; lastKnownFileType = text; path = README.md; sourceTree = "<group>"; };
		48BCBF1F156B11DF00A10F16 /* demo.js */ = {isa = PBXFileReference; fileEncoding = 4; lastKnownFileType = sourcecode.javascript; path = demo.js; sourceTree = "<group>"; };
		48BCBF20156B11DF00A10F16 /* index.html */ = {isa = PBXFileReference; fileEncoding = 4; lastKnownFileType = text.html; path = index.html; sourceTree = "<group>"; };
		48BCBF21156B11DF00A10F16 /* ninja-lolcat.gif */ = {isa = PBXFileReference; lastKnownFileType = image.gif; path = "ninja-lolcat.gif"; sourceTree = "<group>"; };
		48BCBF22156B11DF00A10F16 /* install */ = {isa = PBXFileReference; fileEncoding = 4; lastKnownFileType = text; path = install; sourceTree = "<group>"; };
		48BCBF23156B11DF00A10F16 /* LICENSE.md */ = {isa = PBXFileReference; fileEncoding = 4; lastKnownFileType = text; path = LICENSE.md; sourceTree = "<group>"; };
		48BCBF26156B11DF00A10F16 /* TwitterPlugin.h */ = {isa = PBXFileReference; fileEncoding = 4; lastKnownFileType = sourcecode.c.h; path = TwitterPlugin.h; sourceTree = "<group>"; };
		48BCBF27156B11DF00A10F16 /* TwitterPlugin.m */ = {isa = PBXFileReference; fileEncoding = 4; lastKnownFileType = sourcecode.c.objc; path = TwitterPlugin.m; sourceTree = "<group>"; };
		48BCBF28156B11DF00A10F16 /* package.json */ = {isa = PBXFileReference; fileEncoding = 4; lastKnownFileType = text.json; path = package.json; sourceTree = "<group>"; };
		48BCBF29156B11DF00A10F16 /* README.md */ = {isa = PBXFileReference; fileEncoding = 4; lastKnownFileType = text; path = README.md; sourceTree = "<group>"; };
		48BCBF2B156B11DF00A10F16 /* TwitterPlugin.js */ = {isa = PBXFileReference; fileEncoding = 4; lastKnownFileType = sourcecode.javascript; path = TwitterPlugin.js; sourceTree = "<group>"; };
		48BCBF36156B11ED00A10F16 /* .gitignore */ = {isa = PBXFileReference; fileEncoding = 4; lastKnownFileType = text; path = .gitignore; sourceTree = "<group>"; };
		48BCBF37156B11ED00A10F16 /* index.html */ = {isa = PBXFileReference; fileEncoding = 4; lastKnownFileType = text.html; path = index.html; sourceTree = "<group>"; };
		48BCBF38156B11ED00A10F16 /* README.md */ = {isa = PBXFileReference; fileEncoding = 4; lastKnownFileType = text; path = README.md; sourceTree = "<group>"; };
		48BCBF39156B11ED00A10F16 /* SAiOSAdPlugin.h */ = {isa = PBXFileReference; fileEncoding = 4; lastKnownFileType = sourcecode.c.h; path = SAiOSAdPlugin.h; sourceTree = "<group>"; };
		48BCBF3A156B11ED00A10F16 /* SAiOSAdPlugin.js */ = {isa = PBXFileReference; fileEncoding = 4; lastKnownFileType = sourcecode.javascript; path = SAiOSAdPlugin.js; sourceTree = "<group>"; };
		48BCBF3B156B11ED00A10F16 /* SAiOSAdPlugin.m */ = {isa = PBXFileReference; fileEncoding = 4; lastKnownFileType = sourcecode.c.objc; path = SAiOSAdPlugin.m; sourceTree = "<group>"; };
		48BCBF41156B12BA00A10F16 /* Accounts.framework */ = {isa = PBXFileReference; lastKnownFileType = wrapper.framework; name = Accounts.framework; path = System/Library/Frameworks/Accounts.framework; sourceTree = SDKROOT; };
		48BCBF43156B12BF00A10F16 /* Twitter.framework */ = {isa = PBXFileReference; lastKnownFileType = wrapper.framework; name = Twitter.framework; path = System/Library/Frameworks/Twitter.framework; sourceTree = SDKROOT; };
		48BCBF45156B12D300A10F16 /* iAd.framework */ = {isa = PBXFileReference; lastKnownFileType = wrapper.framework; name = iAd.framework; path = System/Library/Frameworks/iAd.framework; sourceTree = SDKROOT; };
		48BCBF4B156B215C00A10F16 /* cleaverViewController.h */ = {isa = PBXFileReference; fileEncoding = 4; lastKnownFileType = sourcecode.c.h; path = cleaverViewController.h; sourceTree = "<group>"; };
		48BCBF4C156B215C00A10F16 /* cleaverViewController.m */ = {isa = PBXFileReference; fileEncoding = 4; lastKnownFileType = sourcecode.c.objc; path = cleaverViewController.m; sourceTree = "<group>"; };
		8D1107310486CEB800E47090 /* MT101-Info.plist */ = {isa = PBXFileReference; fileEncoding = 4; lastKnownFileType = text.plist.xml; path = "MT101-Info.plist"; plistStructureDefinitionIdentifier = "com.apple.xcode.plist.structure-definition.iphone.info-plist"; sourceTree = "<group>"; };
		8E3EA0DA13AB9B7800D6C49B /* Default-Portrait~ipad.png */ = {isa = PBXFileReference; lastKnownFileType = image.png; path = "Default-Portrait~ipad.png"; sourceTree = "<group>"; };
		8E3EA0DC13AB9B9400D6C49B /* Default-Landscape~ipad.png */ = {isa = PBXFileReference; lastKnownFileType = image.png; path = "Default-Landscape~ipad.png"; sourceTree = "<group>"; };
		8E3EA0E013AB9BAC00D6C49B /* Default@2x.png */ = {isa = PBXFileReference; lastKnownFileType = image.png; path = "Default@2x.png"; sourceTree = "<group>"; };
		8E3EA0E213AB9BB100D6C49B /* Default.png */ = {isa = PBXFileReference; lastKnownFileType = image.png; path = Default.png; sourceTree = "<group>"; };
/* End PBXFileReference section */

/* Begin PBXFrameworksBuildPhase section */
		1D60588F0D05DD3D006BFB54 /* Frameworks */ = {
			isa = PBXFrameworksBuildPhase;
			buildActionMask = 2147483647;
			files = (
				4863E9C9159969A30031507C /* Cordova.framework in Frameworks */,
				48BCBF46156B12D300A10F16 /* iAd.framework in Frameworks */,
				48BCBF44156B12BF00A10F16 /* Twitter.framework in Frameworks */,
				48BCBF42156B12BA00A10F16 /* Accounts.framework in Frameworks */,
				48BCBEF3156B10F500A10F16 /* CoreMedia.framework in Frameworks */,
				48BCBEF1156B10EB00A10F16 /* MobileCoreServices.framework in Frameworks */,
				48BCBEEF156B10E100A10F16 /* SystemConfiguration.framework in Frameworks */,
				48BCBEED156B10DA00A10F16 /* QuartzCore.framework in Frameworks */,
				48BCBEEB156B10D200A10F16 /* MediaPlayer.framework in Frameworks */,
				48BCBEE9156B10C700A10F16 /* CoreLocation.framework in Frameworks */,
				48BCBEE7156B10BA00A10F16 /* AVFoundation.framework in Frameworks */,
				48BCBEE5156B10B300A10F16 /* AudioToolbox.framework in Frameworks */,
				48BCBEE3156B10AE00A10F16 /* AddressBookUI.framework in Frameworks */,
				48BCBEE1156B10A800A10F16 /* AddressBook.framework in Frameworks */,
				1D60589F0D05DD5A006BFB54 /* Foundation.framework in Frameworks */,
				1DF5F4E00D08C38300B7A737 /* UIKit.framework in Frameworks */,
				288765A50DF7441C002DB57D /* CoreGraphics.framework in Frameworks */,
			);
			runOnlyForDeploymentPostprocessing = 0;
		};
/* End PBXFrameworksBuildPhase section */

/* Begin PBXGroup section */
		19C28FACFE9D520D11CA2CBB /* Products */ = {
			isa = PBXGroup;
			children = (
				1D6058910D05DD3D006BFB54 /* CDVSplitView.app */,
			);
			name = Products;
			sourceTree = "<group>";
		};
		29B97314FDCFA39411CA2CEA /* CustomTemplate */ = {
			isa = PBXGroup;
			children = (
				4863E9C8159969A30031507C /* Cordova.framework */,
				48BCBF4B156B215C00A10F16 /* cleaverViewController.h */,
				48BCBF4C156B215C00A10F16 /* cleaverViewController.m */,
				48486887156B0D6A00A6E5E6 /* www */,
				48486885156B0B7A00A6E5E6 /* Default-Portrait@2x~ipad.png */,
				48486883156B0B6E00A6E5E6 /* Default-Landscape@2x~ipad.png */,
				48486881156B0B5F00A6E5E6 /* cordova_ios_144.png */,
				4848687F156B0B5A00A6E5E6 /* cordova_ios_72.png */,
				4848687D156B0B5400A6E5E6 /* cordova_ios_114.png */,
				4848687A156B0B4900A6E5E6 /* cordova_ios_57.png */,
				29B97316FDCFA39411CA2CEA /* main.m */,
				29B97317FDCFA39411CA2CEA /* Resources */,
				29B97323FDCFA39411CA2CEA /* Frameworks */,
				19C28FACFE9D520D11CA2CBB /* Products */,
			);
			name = CustomTemplate;
			sourceTree = "<group>";
		};
		29B97317FDCFA39411CA2CEA /* Resources */ = {
			isa = PBXGroup;
			children = (
				48BCBEF6156B119300A10F16 /* Plugins */,
				48BCBEF4156B118C00A10F16 /* Cordova.plist */,
				8E3EA0EB13AB9BEE00D6C49B /* Art */,
				32CA4F630368D1EE00C91783 /* MT101_Prefix.pch */,
				8D1107310486CEB800E47090 /* MT101-Info.plist */,
			);
			name = Resources;
			sourceTree = "<group>";
		};
		29B97323FDCFA39411CA2CEA /* Frameworks */ = {
			isa = PBXGroup;
			children = (
				48BCBF45156B12D300A10F16 /* iAd.framework */,
				48BCBF43156B12BF00A10F16 /* Twitter.framework */,
				48BCBF41156B12BA00A10F16 /* Accounts.framework */,
				48BCBEF2156B10F400A10F16 /* CoreMedia.framework */,
				48BCBEF0156B10EB00A10F16 /* MobileCoreServices.framework */,
				48BCBEEE156B10E100A10F16 /* SystemConfiguration.framework */,
				48BCBEEC156B10DA00A10F16 /* QuartzCore.framework */,
				48BCBEEA156B10D200A10F16 /* MediaPlayer.framework */,
				48BCBEE8156B10C700A10F16 /* CoreLocation.framework */,
				48BCBEE6156B10BA00A10F16 /* AVFoundation.framework */,
				48BCBEE4156B10B300A10F16 /* AudioToolbox.framework */,
				48BCBEE2156B10AE00A10F16 /* AddressBookUI.framework */,
				48BCBEE0156B10A800A10F16 /* AddressBook.framework */,
				48BCBEDD156B106700A10F16 /* Cordova.framework */,
				1DF5F4DF0D08C38300B7A737 /* UIKit.framework */,
				1D30AB110D05D00D00671497 /* Foundation.framework */,
				288765A40DF7441C002DB57D /* CoreGraphics.framework */,
			);
			name = Frameworks;
			sourceTree = "<group>";
		};
		485DA89C156ECBA900E6B4F8 /* ChildBrowser */ = {
			isa = PBXGroup;
			children = (
				485DA89D156ECBA900E6B4F8 /* ChildBrowser.bundle */,
				485DA89E156ECBA900E6B4F8 /* ChildBrowser.js */,
				485DA89F156ECBA900E6B4F8 /* ChildBrowserCommand.h */,
				485DA8A0156ECBA900E6B4F8 /* ChildBrowserCommand.m */,
				485DA8A1156ECBA900E6B4F8 /* ChildBrowserViewController.h */,
				485DA8A2156ECBA900E6B4F8 /* ChildBrowserViewController.m */,
				485DA8A3156ECBA900E6B4F8 /* ChildBrowserViewController.xib */,
				485DA8A4156ECBA900E6B4F8 /* Cordova.plist.png */,
				485DA8A5156ECBA900E6B4F8 /* index.html */,
				485DA8A6156ECBA900E6B4F8 /* README.md */,
			);
			path = ChildBrowser;
			sourceTree = "<group>";
		};
		48BCBEF6156B119300A10F16 /* Plugins */ = {
			isa = PBXGroup;
			children = (
				485DA89C156ECBA900E6B4F8 /* ChildBrowser */,
				48BCBF35156B11ED00A10F16 /* AdPlugin */,
				48BCBF1C156B11DF00A10F16 /* Twitter */,
				48BCBF13156B11CA00A10F16 /* WebInspector */,
			);
			name = Plugins;
			sourceTree = "<group>";
		};
		48BCBF13156B11CA00A10F16 /* WebInspector */ = {
			isa = PBXGroup;
			children = (
				48BCBF14156B11CA00A10F16 /* CDVWebInspector.m */,
				48BCBF15156B11CA00A10F16 /* cordova-WebInspector.js */,
				48BCBF16156B11CA00A10F16 /* LICENSE */,
				48BCBF17156B11CA00A10F16 /* README.md */,
			);
			path = WebInspector;
			sourceTree = "<group>";
		};
		48BCBF1C156B11DF00A10F16 /* Twitter */ = {
			isa = PBXGroup;
			children = (
				48BCBF1D156B11DF00A10F16 /* example */,
				48BCBF22156B11DF00A10F16 /* install */,
				48BCBF23156B11DF00A10F16 /* LICENSE.md */,
				48BCBF24156B11DF00A10F16 /* native */,
				48BCBF28156B11DF00A10F16 /* package.json */,
				48BCBF29156B11DF00A10F16 /* README.md */,
				48BCBF2A156B11DF00A10F16 /* www */,
			);
			path = Twitter;
			sourceTree = "<group>";
		};
		48BCBF1D156B11DF00A10F16 /* example */ = {
			isa = PBXGroup;
			children = (
				48BCBF1E156B11DF00A10F16 /* www */,
			);
			path = example;
			sourceTree = "<group>";
		};
		48BCBF1E156B11DF00A10F16 /* www */ = {
			isa = PBXGroup;
			children = (
				48BCBF1F156B11DF00A10F16 /* demo.js */,
				48BCBF20156B11DF00A10F16 /* index.html */,
				48BCBF21156B11DF00A10F16 /* ninja-lolcat.gif */,
			);
			path = www;
			sourceTree = "<group>";
		};
		48BCBF24156B11DF00A10F16 /* native */ = {
			isa = PBXGroup;
			children = (
				48BCBF25156B11DF00A10F16 /* ios */,
			);
			path = native;
			sourceTree = "<group>";
		};
		48BCBF25156B11DF00A10F16 /* ios */ = {
			isa = PBXGroup;
			children = (
				48BCBF26156B11DF00A10F16 /* TwitterPlugin.h */,
				48BCBF27156B11DF00A10F16 /* TwitterPlugin.m */,
			);
			path = ios;
			sourceTree = "<group>";
		};
		48BCBF2A156B11DF00A10F16 /* www */ = {
			isa = PBXGroup;
			children = (
				48BCBF2B156B11DF00A10F16 /* TwitterPlugin.js */,
			);
			path = www;
			sourceTree = "<group>";
		};
		48BCBF35156B11ED00A10F16 /* AdPlugin */ = {
			isa = PBXGroup;
			children = (
				48BCBF36156B11ED00A10F16 /* .gitignore */,
				48BCBF37156B11ED00A10F16 /* index.html */,
				48BCBF38156B11ED00A10F16 /* README.md */,
				48BCBF39156B11ED00A10F16 /* SAiOSAdPlugin.h */,
				48BCBF3A156B11ED00A10F16 /* SAiOSAdPlugin.js */,
				48BCBF3B156B11ED00A10F16 /* SAiOSAdPlugin.m */,
			);
			path = AdPlugin;
			sourceTree = "<group>";
		};
		8E3EA0EB13AB9BEE00D6C49B /* Art */ = {
			isa = PBXGroup;
			children = (
				8E3EA0E213AB9BB100D6C49B /* Default.png */,
				8E3EA0E013AB9BAC00D6C49B /* Default@2x.png */,
				8E3EA0DC13AB9B9400D6C49B /* Default-Landscape~ipad.png */,
				8E3EA0DA13AB9B7800D6C49B /* Default-Portrait~ipad.png */,
			);
			name = Art;
			sourceTree = "<group>";
		};
/* End PBXGroup section */

/* Begin PBXNativeTarget section */
		1D6058900D05DD3D006BFB54 /* MT101 */ = {
			isa = PBXNativeTarget;
			buildConfigurationList = 1D6058960D05DD3E006BFB54 /* Build configuration list for PBXNativeTarget "MT101" */;
			buildPhases = (
				1D60588D0D05DD3D006BFB54 /* Resources */,
				1D60588E0D05DD3D006BFB54 /* Sources */,
				1D60588F0D05DD3D006BFB54 /* Frameworks */,
			);
			buildRules = (
			);
			dependencies = (
			);
			name = MT101;
			productName = HelloWorld;
			productReference = 1D6058910D05DD3D006BFB54 /* CDVSplitView.app */;
			productType = "com.apple.product-type.application";
		};
/* End PBXNativeTarget section */

/* Begin PBXProject section */
		29B97313FDCFA39411CA2CEA /* Project object */ = {
			isa = PBXProject;
			attributes = {
				LastUpgradeCheck = 0420;
			};
			buildConfigurationList = C01FCF4E08A954540054247B /* Build configuration list for PBXProject "MT101" */;
			compatibilityVersion = "Xcode 3.2";
			developmentRegion = English;
			hasScannedForEncodings = 1;
			knownRegions = (
				English,
				Japanese,
				French,
				German,
			);
			mainGroup = 29B97314FDCFA39411CA2CEA /* CustomTemplate */;
			projectDirPath = "";
			projectRoot = "";
			targets = (
				1D6058900D05DD3D006BFB54 /* MT101 */,
			);
		};
/* End PBXProject section */

/* Begin PBXResourcesBuildPhase section */
		1D60588D0D05DD3D006BFB54 /* Resources */ = {
			isa = PBXResourcesBuildPhase;
			buildActionMask = 2147483647;
			files = (
				8E3EA0DB13AB9B7800D6C49B /* Default-Portrait~ipad.png in Resources */,
				8E3EA0DD13AB9B9400D6C49B /* Default-Landscape~ipad.png in Resources */,
				8E3EA0E113AB9BAC00D6C49B /* Default@2x.png in Resources */,
				8E3EA0E313AB9BB100D6C49B /* Default.png in Resources */,
				4848687B156B0B4900A6E5E6 /* cordova_ios_57.png in Resources */,
				4848687E156B0B5400A6E5E6 /* cordova_ios_114.png in Resources */,
				48486880156B0B5A00A6E5E6 /* cordova_ios_72.png in Resources */,
				48486882156B0B5F00A6E5E6 /* cordova_ios_144.png in Resources */,
				48486884156B0B6E00A6E5E6 /* Default-Landscape@2x~ipad.png in Resources */,
				48486886156B0B7A00A6E5E6 /* Default-Portrait@2x~ipad.png in Resources */,
				48486888156B0D6A00A6E5E6 /* www in Resources */,
				48BCBEF5156B118C00A10F16 /* Cordova.plist in Resources */,
				48BCBF1A156B11CA00A10F16 /* LICENSE in Resources */,
				48BCBF1B156B11CA00A10F16 /* README.md in Resources */,
				48BCBF2D156B11DF00A10F16 /* index.html in Resources */,
				48BCBF2E156B11DF00A10F16 /* ninja-lolcat.gif in Resources */,
				48BCBF2F156B11DF00A10F16 /* install in Resources */,
				48BCBF30156B11DF00A10F16 /* LICENSE.md in Resources */,
				48BCBF32156B11DF00A10F16 /* package.json in Resources */,
				48BCBF33156B11DF00A10F16 /* README.md in Resources */,
				48BCBF3C156B11ED00A10F16 /* .gitignore in Resources */,
				48BCBF3D156B11ED00A10F16 /* index.html in Resources */,
				48BCBF3E156B11ED00A10F16 /* README.md in Resources */,
				485DA8A7156ECBA900E6B4F8 /* ChildBrowser.bundle in Resources */,
				485DA8AB156ECBA900E6B4F8 /* ChildBrowserViewController.xib in Resources */,
				485DA8AC156ECBA900E6B4F8 /* Cordova.plist.png in Resources */,
				485DA8AD156ECBA900E6B4F8 /* index.html in Resources */,
				485DA8AE156ECBA900E6B4F8 /* README.md in Resources */,
			);
			runOnlyForDeploymentPostprocessing = 0;
		};
/* End PBXResourcesBuildPhase section */

/* Begin PBXSourcesBuildPhase section */
		1D60588E0D05DD3D006BFB54 /* Sources */ = {
			isa = PBXSourcesBuildPhase;
			buildActionMask = 2147483647;
			files = (
				1D60589B0D05DD56006BFB54 /* main.m in Sources */,
				48BCBF18156B11CA00A10F16 /* CDVWebInspector.m in Sources */,
				48BCBF19156B11CA00A10F16 /* cordova-WebInspector.js in Sources */,
				48BCBF2C156B11DF00A10F16 /* demo.js in Sources */,
				48BCBF31156B11DF00A10F16 /* TwitterPlugin.m in Sources */,
				48BCBF34156B11DF00A10F16 /* TwitterPlugin.js in Sources */,
				48BCBF3F156B11ED00A10F16 /* SAiOSAdPlugin.js in Sources */,
				48BCBF40156B11ED00A10F16 /* SAiOSAdPlugin.m in Sources */,
				48BCBF4D156B215C00A10F16 /* cleaverViewController.m in Sources */,
				485DA8A8156ECBA900E6B4F8 /* ChildBrowser.js in Sources */,
				485DA8A9156ECBA900E6B4F8 /* ChildBrowserCommand.m in Sources */,
				485DA8AA156ECBA900E6B4F8 /* ChildBrowserViewController.m in Sources */,
			);
			runOnlyForDeploymentPostprocessing = 0;
		};
/* End PBXSourcesBuildPhase section */

/* Begin XCBuildConfiguration section */
		1D6058940D05DD3E006BFB54 /* Debug */ = {
			isa = XCBuildConfiguration;
			buildSettings = {
				ALWAYS_SEARCH_USER_PATHS = NO;
				CLANG_ENABLE_OBJC_ARC = YES;
				COPY_PHASE_STRIP = NO;
				FRAMEWORK_SEARCH_PATHS = (
					"$(inherited)",
					"\"$(SRCROOT)/../../../Shared/Cordova/Frameworks\"",
					"\"$(SRCROOT)/../../../../Shared/Cordova/Frameworks\"",
				);
				GCC_DYNAMIC_NO_PIC = NO;
				GCC_OPTIMIZATION_LEVEL = 0;
				GCC_PRECOMPILE_PREFIX_HEADER = YES;
				GCC_PREFIX_HEADER = MT101_Prefix.pch;
				GCC_VERSION = com.apple.compilers.llvm.clang.1_0;
				INFOPLIST_FILE = "MT101-Info.plist";
				IPHONEOS_DEPLOYMENT_TARGET = 4.0;
				LIBRARY_SEARCH_PATHS = "$(inherited)";
				OTHER_CFLAGS = "";
				OTHER_TEST_FLAGS = "";
				PRODUCT_NAME = CDVSplitView;
				SDKROOT = iphoneos;
				TARGETED_DEVICE_FAMILY = 2;
			};
			name = Debug;
		};
		C01FCF4F08A954540054247B /* Debug */ = {
			isa = XCBuildConfiguration;
			buildSettings = {
				ARCHS = "$(ARCHS_STANDARD_32_BIT)";
				"CODE_SIGN_IDENTITY[sdk=iphoneos*]" = "iPhone Developer";
				GCC_C_LANGUAGE_STANDARD = c99;
				GCC_WARN_ABOUT_RETURN_TYPE = YES;
				GCC_WARN_UNUSED_VARIABLE = YES;
				IPHONEOS_DEPLOYMENT_TARGET = 5.0;
				SDKROOT = iphoneos;
				TARGETED_DEVICE_FAMILY = "1,2";
			};
			name = Debug;
		};
/* End XCBuildConfiguration section */

/* Begin XCConfigurationList section */
		1D6058960D05DD3E006BFB54 /* Build configuration list for PBXNativeTarget "MT101" */ = {
			isa = XCConfigurationList;
			buildConfigurations = (
				1D6058940D05DD3E006BFB54 /* Debug */,
			);
			defaultConfigurationIsVisible = 0;
			defaultConfigurationName = Debug;
		};
		C01FCF4E08A954540054247B /* Build configuration list for PBXProject "MT101" */ = {
			isa = XCConfigurationList;
			buildConfigurations = (
				C01FCF4F08A954540054247B /* Debug */,
			);
			defaultConfigurationIsVisible = 0;
			defaultConfigurationName = Debug;
		};
/* End XCConfigurationList section */
	};
	rootObject = 29B97313FDCFA39411CA2CEA /* Project object */;
}
