// !$*UTF8*$!
{
	archiveVersion = 1;
	classes = {
	};
	objectVersion = 46;
	objects = {

/* Begin PBXBuildFile section */
		1D3623260D0F684500981E51 /* MGSplitViewAppDelegate.m in Sources */ = {isa = PBXBuildFile; fileRef = 1D3623250D0F684500981E51 /* MGSplitViewAppDelegate.m */; };
		1D60589B0D05DD56006BFB54 /* main.m in Sources */ = {isa = PBXBuildFile; fileRef = 29B97316FDCFA39411CA2CEA /* main.m */; };
		1D60589F0D05DD5A006BFB54 /* Foundation.framework in Frameworks */ = {isa = PBXBuildFile; fileRef = 1D30AB110D05D00D00671497 /* Foundation.framework */; };
		1DF5F4E00D08C38300B7A737 /* UIKit.framework in Frameworks */ = {isa = PBXBuildFile; fileRef = 1DF5F4DF0D08C38300B7A737 /* UIKit.framework */; };
		2804200B108E984D000629CD /* RootViewController.m in Sources */ = {isa = PBXBuildFile; fileRef = 28042008108E984D000629CD /* RootViewController.m */; };
		2804200C108E984D000629CD /* DetailViewController.m in Sources */ = {isa = PBXBuildFile; fileRef = 2804200A108E984D000629CD /* DetailViewController.m */; };
		2804203C108E9BAB000629CD /* DetailView.xib in Resources */ = {isa = PBXBuildFile; fileRef = 2804203B108E9BAB000629CD /* DetailView.xib */; };
		2892E4100DC94CBA00A64D0F /* CoreGraphics.framework in Frameworks */ = {isa = PBXBuildFile; fileRef = 2892E40F0DC94CBA00A64D0F /* CoreGraphics.framework */; };
		28AD73600D9D9599002E5188 /* MainWindow.xib in Resources */ = {isa = PBXBuildFile; fileRef = 28AD735F0D9D9599002E5188 /* MainWindow.xib */; };
		480B3E6516AB7AFC00A3F687 /* MainWindow_iPhone.xib in Resources */ = {isa = PBXBuildFile; fileRef = 480B3E6416AB7AFC00A3F687 /* MainWindow_iPhone.xib */; };
		480B3E9C16AB80A500A3F687 /* RootViewController_iPhone.xib in Resources */ = {isa = PBXBuildFile; fileRef = 480B3E9B16AB80A500A3F687 /* RootViewController_iPhone.xib */; };
		480C589016935A04001A7007 /* DetailViewController_iPhone.m in Sources */ = {isa = PBXBuildFile; fileRef = 480C588E16935A04001A7007 /* DetailViewController_iPhone.m */; };
		48456B3616B07FE4001278CB /* NSString+MD5.m in Sources */ = {isa = PBXBuildFile; fileRef = 48456B2F16B07FE4001278CB /* NSString+MD5.m */; };
		48456B3716B07FE4001278CB /* PDFView.m in Sources */ = {isa = PBXBuildFile; fileRef = 48456B3116B07FE4001278CB /* PDFView.m */; };
		48456B3816B07FE4001278CB /* UIImage+PDF.m in Sources */ = {isa = PBXBuildFile; fileRef = 48456B3316B07FE4001278CB /* UIImage+PDF.m */; };
		48456B3916B07FE4001278CB /* UIView+Image.m in Sources */ = {isa = PBXBuildFile; fileRef = 48456B3516B07FE4001278CB /* UIView+Image.m */; };
		48456B6216B09882001278CB /* Aeolian.pdf in Resources */ = {isa = PBXBuildFile; fileRef = 48456B4C16B09882001278CB /* Aeolian.pdf */; };
		48456B6316B09882001278CB /* AltoClef.pdf in Resources */ = {isa = PBXBuildFile; fileRef = 48456B4D16B09882001278CB /* AltoClef.pdf */; };
		48456B6416B09882001278CB /* BariToneClef.pdf in Resources */ = {isa = PBXBuildFile; fileRef = 48456B4E16B09882001278CB /* BariToneClef.pdf */; };
		48456B6516B09882001278CB /* BassClef.pdf in Resources */ = {isa = PBXBuildFile; fileRef = 48456B4F16B09882001278CB /* BassClef.pdf */; };
		48456B6616B09882001278CB /* ChromaticCircle.pdf in Resources */ = {isa = PBXBuildFile; fileRef = 48456B5016B09882001278CB /* ChromaticCircle.pdf */; };
		48456B6716B09882001278CB /* CircleOfFifths.pdf in Resources */ = {isa = PBXBuildFile; fileRef = 48456B5116B09882001278CB /* CircleOfFifths.pdf */; };
		48456B6816B09882001278CB /* Dorian.pdf in Resources */ = {isa = PBXBuildFile; fileRef = 48456B5216B09882001278CB /* Dorian.pdf */; };
		48456B6916B09882001278CB /* Ionian.pdf in Resources */ = {isa = PBXBuildFile; fileRef = 48456B5316B09882001278CB /* Ionian.pdf */; };
		48456B6A16B09882001278CB /* Locrian.pdf in Resources */ = {isa = PBXBuildFile; fileRef = 48456B5416B09882001278CB /* Locrian.pdf */; };
		48456B6B16B09882001278CB /* Lydian.pdf in Resources */ = {isa = PBXBuildFile; fileRef = 48456B5516B09882001278CB /* Lydian.pdf */; };
		48456B6C16B09882001278CB /* MezzoSopranoClef.pdf in Resources */ = {isa = PBXBuildFile; fileRef = 48456B5616B09882001278CB /* MezzoSopranoClef.pdf */; };
		48456B6D16B09882001278CB /* MixoLydian.pdf in Resources */ = {isa = PBXBuildFile; fileRef = 48456B5716B09882001278CB /* MixoLydian.pdf */; };
		48456B6E16B09882001278CB /* Phrygian.pdf in Resources */ = {isa = PBXBuildFile; fileRef = 48456B5816B09882001278CB /* Phrygian.pdf */; };
		48456B6F16B09882001278CB /* SolfegeFlats.pdf in Resources */ = {isa = PBXBuildFile; fileRef = 48456B5916B09882001278CB /* SolfegeFlats.pdf */; };
		48456B7016B09882001278CB /* SolfegeNaturals.pdf in Resources */ = {isa = PBXBuildFile; fileRef = 48456B5A16B09882001278CB /* SolfegeNaturals.pdf */; };
		48456B7116B09882001278CB /* SolfegeSharps.pdf in Resources */ = {isa = PBXBuildFile; fileRef = 48456B5B16B09882001278CB /* SolfegeSharps.pdf */; };
		48456B7216B09882001278CB /* SopranoClef.pdf in Resources */ = {isa = PBXBuildFile; fileRef = 48456B5C16B09882001278CB /* SopranoClef.pdf */; };
		48456B7316B09882001278CB /* SubBassClef.pdf in Resources */ = {isa = PBXBuildFile; fileRef = 48456B5D16B09882001278CB /* SubBassClef.pdf */; };
		48456B7416B09882001278CB /* TenorClef.pdf in Resources */ = {isa = PBXBuildFile; fileRef = 48456B5E16B09882001278CB /* TenorClef.pdf */; };
		48456B7516B09882001278CB /* TheGrandStaff.pdf in Resources */ = {isa = PBXBuildFile; fileRef = 48456B5F16B09882001278CB /* TheGrandStaff.pdf */; };
		48456B7616B09882001278CB /* TrebleClef.pdf in Resources */ = {isa = PBXBuildFile; fileRef = 48456B6016B09882001278CB /* TrebleClef.pdf */; };
		48456B7716B09882001278CB /* welcome.pdf in Resources */ = {isa = PBXBuildFile; fileRef = 48456B6116B09882001278CB /* welcome.pdf */; };
		486AFF651658575C00FBFAD6 /* MGSplitViewAppDelegate_iPhone.m in Sources */ = {isa = PBXBuildFile; fileRef = 486AFF641658575C00FBFAD6 /* MGSplitViewAppDelegate_iPhone.m */; };
		486AFF691658594900FBFAD6 /* RootViewController_iPhone.m in Sources */ = {isa = PBXBuildFile; fileRef = 486AFF671658594900FBFAD6 /* RootViewController_iPhone.m */; };
		48849CD016C3D17600BE741F /* CClefIcon.png in Resources */ = {isa = PBXBuildFile; fileRef = 48849CC216C3D17600BE741F /* CClefIcon.png */; };
		48849CD116C3D17600BE741F /* CircleIcon.pdf in Resources */ = {isa = PBXBuildFile; fileRef = 48849CC316C3D17600BE741F /* CircleIcon.pdf */; };
		48849CD216C3D17600BE741F /* CircleIcon.png in Resources */ = {isa = PBXBuildFile; fileRef = 48849CC416C3D17600BE741F /* CircleIcon.png */; };
		48849CD316C3D17600BE741F /* DorianIcon.pdf in Resources */ = {isa = PBXBuildFile; fileRef = 48849CC516C3D17600BE741F /* DorianIcon.pdf */; };
		48849CD416C3D17600BE741F /* DorianIcon.png in Resources */ = {isa = PBXBuildFile; fileRef = 48849CC616C3D17600BE741F /* DorianIcon.png */; };
		48849CD516C3D17600BE741F /* FClefIcon.png in Resources */ = {isa = PBXBuildFile; fileRef = 48849CC716C3D17600BE741F /* FClefIcon.png */; };
		48849CD616C3D17600BE741F /* IonianIcon.pdf in Resources */ = {isa = PBXBuildFile; fileRef = 48849CC816C3D17600BE741F /* IonianIcon.pdf */; };
		48849CD716C3D17600BE741F /* IonianIcon.png in Resources */ = {isa = PBXBuildFile; fileRef = 48849CC916C3D17600BE741F /* IonianIcon.png */; };
		48849CD816C3D17600BE741F /* LydianIcon.pdf in Resources */ = {isa = PBXBuildFile; fileRef = 48849CCA16C3D17600BE741F /* LydianIcon.pdf */; };
		48849CD916C3D17600BE741F /* LydianIcon.png in Resources */ = {isa = PBXBuildFile; fileRef = 48849CCB16C3D17600BE741F /* LydianIcon.png */; };
		48849CDA16C3D17600BE741F /* PhrygianIcon.pdf in Resources */ = {isa = PBXBuildFile; fileRef = 48849CCC16C3D17600BE741F /* PhrygianIcon.pdf */; };
		48849CDB16C3D17600BE741F /* PhrygianIcon.png in Resources */ = {isa = PBXBuildFile; fileRef = 48849CCD16C3D17600BE741F /* PhrygianIcon.png */; };
		48849CDC16C3D17600BE741F /* StaffIcon.pdf in Resources */ = {isa = PBXBuildFile; fileRef = 48849CCE16C3D17600BE741F /* StaffIcon.pdf */; };
		48849CDD16C3D17600BE741F /* StaffIcon.png in Resources */ = {isa = PBXBuildFile; fileRef = 48849CCF16C3D17600BE741F /* StaffIcon.png */; };
		48BB214516C42EC40021E05F /* MixerHostAudio.m in Sources */ = {isa = PBXBuildFile; fileRef = 48BB214416C42EC40021E05F /* MixerHostAudio.m */; };
		48BB214916C42F8D0021E05F /* AVFoundation.framework in Frameworks */ = {isa = PBXBuildFile; fileRef = 48BB214816C42F8D0021E05F /* AVFoundation.framework */; };
		48BB214B16C42F920021E05F /* AudioToolbox.framework in Frameworks */ = {isa = PBXBuildFile; fileRef = 48BB214A16C42F920021E05F /* AudioToolbox.framework */; };
		48BB21B416C431D80021E05F /* A#.L.aif in Resources */ = {isa = PBXBuildFile; fileRef = 48BB214D16C431D70021E05F /* A#.L.aif */; };
		48BB21B516C431D80021E05F /* A#.R.aif in Resources */ = {isa = PBXBuildFile; fileRef = 48BB214E16C431D70021E05F /* A#.R.aif */; };
		48BB21B616C431D80021E05F /* A#2.L.aif in Resources */ = {isa = PBXBuildFile; fileRef = 48BB214F16C431D70021E05F /* A#2.L.aif */; };
		48BB21B716C431D80021E05F /* A#3.L.aif in Resources */ = {isa = PBXBuildFile; fileRef = 48BB215016C431D70021E05F /* A#3.L.aif */; };
		48BB21B816C431D80021E05F /* A#4.L.aif in Resources */ = {isa = PBXBuildFile; fileRef = 48BB215116C431D70021E05F /* A#4.L.aif */; };
		48BB21B916C431D80021E05F /* A.L.aif in Resources */ = {isa = PBXBuildFile; fileRef = 48BB215216C431D70021E05F /* A.L.aif */; };
		48BB21BA16C431D80021E05F /* A2.L.aif in Resources */ = {isa = PBXBuildFile; fileRef = 48BB215316C431D70021E05F /* A2.L.aif */; };
		48BB21BB16C431D80021E05F /* A3.L.aif in Resources */ = {isa = PBXBuildFile; fileRef = 48BB215416C431D70021E05F /* A3.L.aif */; };
		48BB21BC16C431D80021E05F /* A4.L.aif in Resources */ = {isa = PBXBuildFile; fileRef = 48BB215516C431D70021E05F /* A4.L.aif */; };
		48BB21E016C431D80021E05F /* B2.L.aif in Resources */ = {isa = PBXBuildFile; fileRef = 48BB217D16C431D70021E05F /* B2.L.aif */; };
		48BB21E116C431D80021E05F /* B3.L.aif in Resources */ = {isa = PBXBuildFile; fileRef = 48BB217E16C431D70021E05F /* B3.L.aif */; };
		48BB21E216C431D80021E05F /* B4.L.aif in Resources */ = {isa = PBXBuildFile; fileRef = 48BB217F16C431D70021E05F /* B4.L.aif */; };
		48BB21E316C431D80021E05F /* C#.L.aif in Resources */ = {isa = PBXBuildFile; fileRef = 48BB218016C431D70021E05F /* C#.L.aif */; };
		48BB21E416C431D80021E05F /* C#2.L.aif in Resources */ = {isa = PBXBuildFile; fileRef = 48BB218116C431D70021E05F /* C#2.L.aif */; };
		48BB21E516C431D80021E05F /* C#3.L.aif in Resources */ = {isa = PBXBuildFile; fileRef = 48BB218216C431D70021E05F /* C#3.L.aif */; };
		48BB21E616C431D80021E05F /* C#4.L.aif in Resources */ = {isa = PBXBuildFile; fileRef = 48BB218316C431D70021E05F /* C#4.L.aif */; };
		48BB21E716C431D80021E05F /* C#5.L.aif in Resources */ = {isa = PBXBuildFile; fileRef = 48BB218416C431D70021E05F /* C#5.L.aif */; };
		48BB21E816C431D80021E05F /* C#5.R.aif in Resources */ = {isa = PBXBuildFile; fileRef = 48BB218516C431D70021E05F /* C#5.R.aif */; };
		48BB21E916C431D80021E05F /* C2.L.aif in Resources */ = {isa = PBXBuildFile; fileRef = 48BB218616C431D70021E05F /* C2.L.aif */; };
		48BB21EA16C431D80021E05F /* C3.L.aif in Resources */ = {isa = PBXBuildFile; fileRef = 48BB218716C431D70021E05F /* C3.L.aif */; };
		48BB21EB16C431D80021E05F /* C4.L.aif in Resources */ = {isa = PBXBuildFile; fileRef = 48BB218816C431D70021E05F /* C4.L.aif */; };
		48BB21EC16C431D80021E05F /* C5.L.aif in Resources */ = {isa = PBXBuildFile; fileRef = 48BB218916C431D70021E05F /* C5.L.aif */; };
		48BB21ED16C431D80021E05F /* D#.L.aif in Resources */ = {isa = PBXBuildFile; fileRef = 48BB218A16C431D70021E05F /* D#.L.aif */; };
		48BB21EE16C431D80021E05F /* D#2.L.aif in Resources */ = {isa = PBXBuildFile; fileRef = 48BB218B16C431D70021E05F /* D#2.L.aif */; };
		48BB21EF16C431D80021E05F /* D#3.L.aif in Resources */ = {isa = PBXBuildFile; fileRef = 48BB218C16C431D70021E05F /* D#3.L.aif */; };
		48BB21F016C431D80021E05F /* D#4.L.aif in Resources */ = {isa = PBXBuildFile; fileRef = 48BB218D16C431D70021E05F /* D#4.L.aif */; };
		48BB21F116C431D80021E05F /* D#5.L.aif in Resources */ = {isa = PBXBuildFile; fileRef = 48BB218E16C431D70021E05F /* D#5.L.aif */; };
		48BB21F216C431D80021E05F /* D#5.R.aif in Resources */ = {isa = PBXBuildFile; fileRef = 48BB218F16C431D70021E05F /* D#5.R.aif */; };
		48BB21F316C431D80021E05F /* D.L.aif in Resources */ = {isa = PBXBuildFile; fileRef = 48BB219016C431D70021E05F /* D.L.aif */; };
		48BB21F416C431D80021E05F /* D2.L.aif in Resources */ = {isa = PBXBuildFile; fileRef = 48BB219116C431D70021E05F /* D2.L.aif */; };
		48BB21F516C431D80021E05F /* D3.L.aif in Resources */ = {isa = PBXBuildFile; fileRef = 48BB219216C431D70021E05F /* D3.L.aif */; };
		48BB21F616C431D80021E05F /* D4.L.aif in Resources */ = {isa = PBXBuildFile; fileRef = 48BB219316C431D70021E05F /* D4.L.aif */; };
		48BB21F716C431D80021E05F /* D5.L.aif in Resources */ = {isa = PBXBuildFile; fileRef = 48BB219416C431D70021E05F /* D5.L.aif */; };
		48BB21F816C431D80021E05F /* D5.R.aif in Resources */ = {isa = PBXBuildFile; fileRef = 48BB219516C431D70021E05F /* D5.R.aif */; };
		48BB21F916C431D80021E05F /* E.L.aif in Resources */ = {isa = PBXBuildFile; fileRef = 48BB219616C431D70021E05F /* E.L.aif */; };
		48BB21FA16C431D80021E05F /* E2.L.aif in Resources */ = {isa = PBXBuildFile; fileRef = 48BB219716C431D70021E05F /* E2.L.aif */; };
		48BB21FB16C431D80021E05F /* E3.L.aif in Resources */ = {isa = PBXBuildFile; fileRef = 48BB219816C431D70021E05F /* E3.L.aif */; };
		48BB21FC16C431D80021E05F /* E4.L.aif in Resources */ = {isa = PBXBuildFile; fileRef = 48BB219916C431D70021E05F /* E4.L.aif */; };
		48BB21FD16C431D80021E05F /* E5.L.aif in Resources */ = {isa = PBXBuildFile; fileRef = 48BB219A16C431D70021E05F /* E5.L.aif */; };
		48BB21FE16C431D80021E05F /* E5.R.aif in Resources */ = {isa = PBXBuildFile; fileRef = 48BB219B16C431D70021E05F /* E5.R.aif */; };
		48BB21FF16C431D80021E05F /* F#.L.aif in Resources */ = {isa = PBXBuildFile; fileRef = 48BB219C16C431D70021E05F /* F#.L.aif */; };
		48BB220016C431D80021E05F /* F#2.L.aif in Resources */ = {isa = PBXBuildFile; fileRef = 48BB219D16C431D70021E05F /* F#2.L.aif */; };
		48BB220116C431D80021E05F /* F#3.L.aif in Resources */ = {isa = PBXBuildFile; fileRef = 48BB219E16C431D70021E05F /* F#3.L.aif */; };
		48BB220216C431D80021E05F /* F#4.L.aif in Resources */ = {isa = PBXBuildFile; fileRef = 48BB219F16C431D70021E05F /* F#4.L.aif */; };
		48BB220316C431D80021E05F /* F#5.L.aif in Resources */ = {isa = PBXBuildFile; fileRef = 48BB21A016C431D70021E05F /* F#5.L.aif */; };
		48BB220416C431D80021E05F /* F#5.R.aif in Resources */ = {isa = PBXBuildFile; fileRef = 48BB21A116C431D70021E05F /* F#5.R.aif */; };
		48BB220516C431D80021E05F /* F.L.aif in Resources */ = {isa = PBXBuildFile; fileRef = 48BB21A216C431D70021E05F /* F.L.aif */; };
		48BB220616C431D80021E05F /* F2.L.aif in Resources */ = {isa = PBXBuildFile; fileRef = 48BB21A316C431D70021E05F /* F2.L.aif */; };
		48BB220716C431D80021E05F /* F3.L.aif in Resources */ = {isa = PBXBuildFile; fileRef = 48BB21A416C431D70021E05F /* F3.L.aif */; };
		48BB220816C431D80021E05F /* F4.L.aif in Resources */ = {isa = PBXBuildFile; fileRef = 48BB21A516C431D70021E05F /* F4.L.aif */; };
		48BB220916C431D80021E05F /* F5.L.aif in Resources */ = {isa = PBXBuildFile; fileRef = 48BB21A616C431D70021E05F /* F5.L.aif */; };
		48BB220A16C431D80021E05F /* F5.R.aif in Resources */ = {isa = PBXBuildFile; fileRef = 48BB21A716C431D70021E05F /* F5.R.aif */; };
		48BB220B16C431D80021E05F /* G#.L.aif in Resources */ = {isa = PBXBuildFile; fileRef = 48BB21A816C431D70021E05F /* G#.L.aif */; };
		48BB220C16C431D80021E05F /* G#2.L.aif in Resources */ = {isa = PBXBuildFile; fileRef = 48BB21A916C431D70021E05F /* G#2.L.aif */; };
		48BB220D16C431D80021E05F /* G#3.L.aif in Resources */ = {isa = PBXBuildFile; fileRef = 48BB21AA16C431D80021E05F /* G#3.L.aif */; };
		48BB220E16C431D80021E05F /* G#4.L.aif in Resources */ = {isa = PBXBuildFile; fileRef = 48BB21AB16C431D80021E05F /* G#4.L.aif */; };
		48BB220F16C431D80021E05F /* G#5.L.aif in Resources */ = {isa = PBXBuildFile; fileRef = 48BB21AC16C431D80021E05F /* G#5.L.aif */; };
		48BB221016C431D80021E05F /* G#5.R.aif in Resources */ = {isa = PBXBuildFile; fileRef = 48BB21AD16C431D80021E05F /* G#5.R.aif */; };
		48BB221116C431D80021E05F /* G.L.aif in Resources */ = {isa = PBXBuildFile; fileRef = 48BB21AE16C431D80021E05F /* G.L.aif */; };
		48BB221216C431D80021E05F /* G2.L.aif in Resources */ = {isa = PBXBuildFile; fileRef = 48BB21AF16C431D80021E05F /* G2.L.aif */; };
		48BB221316C431D80021E05F /* G3.L.aif in Resources */ = {isa = PBXBuildFile; fileRef = 48BB21B016C431D80021E05F /* G3.L.aif */; };
		48BB221416C431D80021E05F /* G4.L.aif in Resources */ = {isa = PBXBuildFile; fileRef = 48BB21B116C431D80021E05F /* G4.L.aif */; };
		48BB221516C431D80021E05F /* G5.L.aif in Resources */ = {isa = PBXBuildFile; fileRef = 48BB21B216C431D80021E05F /* G5.L.aif */; };
		48BB221616C431D80021E05F /* G5.R.aif in Resources */ = {isa = PBXBuildFile; fileRef = 48BB21B316C431D80021E05F /* G5.R.aif */; };
		48C9BCD416AB82F1007EC563 /* Default copy.png in Resources */ = {isa = PBXBuildFile; fileRef = 48C9BCC616AB82F1007EC563 /* Default copy.png */; };
		48C9BCD516AB82F1007EC563 /* Default-568h@2x.png in Resources */ = {isa = PBXBuildFile; fileRef = 48C9BCC716AB82F1007EC563 /* Default-568h@2x.png */; };
		48C9BCD616AB82F1007EC563 /* Default-Landscape.png in Resources */ = {isa = PBXBuildFile; fileRef = 48C9BCC816AB82F1007EC563 /* Default-Landscape.png */; };
		48C9BCD716AB82F1007EC563 /* Default-Landscape@2x.ai in Resources */ = {isa = PBXBuildFile; fileRef = 48C9BCC916AB82F1007EC563 /* Default-Landscape@2x.ai */; };
		48C9BCD816AB82F1007EC563 /* Default-Landscape@2x~ipad.png in Resources */ = {isa = PBXBuildFile; fileRef = 48C9BCCA16AB82F1007EC563 /* Default-Landscape@2x~ipad.png */; };
		48C9BCD916AB82F1007EC563 /* Default-Landscape~ipad.ai in Resources */ = {isa = PBXBuildFile; fileRef = 48C9BCCB16AB82F1007EC563 /* Default-Landscape~ipad.ai */; };
		48C9BCDA16AB82F1007EC563 /* Default-Landscape~ipad.png in Resources */ = {isa = PBXBuildFile; fileRef = 48C9BCCC16AB82F1007EC563 /* Default-Landscape~ipad.png */; };
		48C9BCDB16AB82F1007EC563 /* Default-Portrait.png in Resources */ = {isa = PBXBuildFile; fileRef = 48C9BCCD16AB82F1007EC563 /* Default-Portrait.png */; };
		48C9BCDC16AB82F1007EC563 /* Default-Portrait@2x~ipad.png in Resources */ = {isa = PBXBuildFile; fileRef = 48C9BCCE16AB82F1007EC563 /* Default-Portrait@2x~ipad.png */; };
		48C9BCDD16AB82F1007EC563 /* Default-Portrait~ipad.png in Resources */ = {isa = PBXBuildFile; fileRef = 48C9BCCF16AB82F1007EC563 /* Default-Portrait~ipad.png */; };
		48C9BCDE16AB82F1007EC563 /* Default.ai in Resources */ = {isa = PBXBuildFile; fileRef = 48C9BCD016AB82F1007EC563 /* Default.ai */; };
		48C9BCDF16AB82F1007EC563 /* Default.png in Resources */ = {isa = PBXBuildFile; fileRef = 48C9BCD116AB82F1007EC563 /* Default.png */; };
		48C9BCE016AB82F1007EC563 /* Default@2x.ai in Resources */ = {isa = PBXBuildFile; fileRef = 48C9BCD216AB82F1007EC563 /* Default@2x.ai */; };
		48C9BCE116AB82F1007EC563 /* Default@2x.png in Resources */ = {isa = PBXBuildFile; fileRef = 48C9BCD316AB82F1007EC563 /* Default@2x.png */; };
		48C9BCEA16AB8408007EC563 /* icon.png in Resources */ = {isa = PBXBuildFile; fileRef = 48C9BCE916AB8408007EC563 /* icon.png */; };
		48C9BCEC16AB841D007EC563 /* icon@2x.png in Resources */ = {isa = PBXBuildFile; fileRef = 48C9BCEB16AB841D007EC563 /* icon@2x.png */; };
		48C9BCEE16AB8424007EC563 /* icon-72@2x.png in Resources */ = {isa = PBXBuildFile; fileRef = 48C9BCED16AB8424007EC563 /* icon-72@2x.png */; };
		48C9BCF016AB8434007EC563 /* icon-72.png in Resources */ = {isa = PBXBuildFile; fileRef = 48C9BCEF16AB8434007EC563 /* icon-72.png */; };
		C98573721200823C001B5F94 /* MGSplitCornersView.m in Sources */ = {isa = PBXBuildFile; fileRef = C98573711200823C001B5F94 /* MGSplitCornersView.m */; };
		C9CDF7A111FDA7310016C1C5 /* MGSplitViewController.m in Sources */ = {isa = PBXBuildFile; fileRef = C9CDF7A011FDA7310016C1C5 /* MGSplitViewController.m */; };
		C9CDF83C11FDD8000016C1C5 /* MGSplitDividerView.m in Sources */ = {isa = PBXBuildFile; fileRef = C9CDF83B11FDD8000016C1C5 /* MGSplitDividerView.m */; };
/* End PBXBuildFile section */

/* Begin PBXFileReference section */
		1D30AB110D05D00D00671497 /* Foundation.framework */ = {isa = PBXFileReference; lastKnownFileType = wrapper.framework; name = Foundation.framework; path = System/Library/Frameworks/Foundation.framework; sourceTree = SDKROOT; };
		1D3623240D0F684500981E51 /* MGSplitViewAppDelegate.h */ = {isa = PBXFileReference; fileEncoding = 4; lastKnownFileType = sourcecode.c.h; path = MGSplitViewAppDelegate.h; sourceTree = "<group>"; };
		1D3623250D0F684500981E51 /* MGSplitViewAppDelegate.m */ = {isa = PBXFileReference; fileEncoding = 4; lastKnownFileType = sourcecode.c.objc; path = MGSplitViewAppDelegate.m; sourceTree = "<group>"; };
		1D6058910D05DD3D006BFB54 /* MT101.app */ = {isa = PBXFileReference; explicitFileType = wrapper.application; includeInIndex = 0; path = MT101.app; sourceTree = BUILT_PRODUCTS_DIR; };
		1DF5F4DF0D08C38300B7A737 /* UIKit.framework */ = {isa = PBXFileReference; lastKnownFileType = wrapper.framework; name = UIKit.framework; path = System/Library/Frameworks/UIKit.framework; sourceTree = SDKROOT; };
		28042007108E984D000629CD /* RootViewController.h */ = {isa = PBXFileReference; fileEncoding = 4; lastKnownFileType = sourcecode.c.h; path = RootViewController.h; sourceTree = "<group>"; };
		28042008108E984D000629CD /* RootViewController.m */ = {isa = PBXFileReference; fileEncoding = 4; lastKnownFileType = sourcecode.c.objc; path = RootViewController.m; sourceTree = "<group>"; };
		28042009108E984D000629CD /* DetailViewController.h */ = {isa = PBXFileReference; fileEncoding = 4; lastKnownFileType = sourcecode.c.h; path = DetailViewController.h; sourceTree = "<group>"; };
		2804200A108E984D000629CD /* DetailViewController.m */ = {isa = PBXFileReference; fileEncoding = 4; lastKnownFileType = sourcecode.c.objc; path = DetailViewController.m; sourceTree = "<group>"; };
		2804203B108E9BAB000629CD /* DetailView.xib */ = {isa = PBXFileReference; lastKnownFileType = file.xib; name = DetailView.xib; path = ../DetailView.xib; sourceTree = "<group>"; };
		2892E40F0DC94CBA00A64D0F /* CoreGraphics.framework */ = {isa = PBXFileReference; lastKnownFileType = wrapper.framework; name = CoreGraphics.framework; path = System/Library/Frameworks/CoreGraphics.framework; sourceTree = SDKROOT; };
		28A0AAE50D9B0CCF005BE974 /* MT101_Prefix.pch */ = {isa = PBXFileReference; fileEncoding = 4; lastKnownFileType = sourcecode.c.h; path = MT101_Prefix.pch; sourceTree = "<group>"; };
		28AD735F0D9D9599002E5188 /* MainWindow.xib */ = {isa = PBXFileReference; lastKnownFileType = file.xib; name = MainWindow.xib; path = ../MainWindow.xib; sourceTree = "<group>"; };
		29B97316FDCFA39411CA2CEA /* main.m */ = {isa = PBXFileReference; fileEncoding = 4; lastKnownFileType = sourcecode.c.objc; path = main.m; sourceTree = "<group>"; };
		480B3E6416AB7AFC00A3F687 /* MainWindow_iPhone.xib */ = {isa = PBXFileReference; fileEncoding = 4; lastKnownFileType = file.xib; path = MainWindow_iPhone.xib; sourceTree = "<group>"; };
		480B3E9B16AB80A500A3F687 /* RootViewController_iPhone.xib */ = {isa = PBXFileReference; fileEncoding = 4; lastKnownFileType = file.xib; name = RootViewController_iPhone.xib; path = iPhone/RootViewController_iPhone.xib; sourceTree = "<group>"; };
		480C588D16935A04001A7007 /* DetailViewController_iPhone.h */ = {isa = PBXFileReference; fileEncoding = 4; lastKnownFileType = sourcecode.c.h; name = DetailViewController_iPhone.h; path = iPhone/DetailViewController_iPhone.h; sourceTree = "<group>"; };
		480C588E16935A04001A7007 /* DetailViewController_iPhone.m */ = {isa = PBXFileReference; fileEncoding = 4; lastKnownFileType = sourcecode.c.objc; name = DetailViewController_iPhone.m; path = iPhone/DetailViewController_iPhone.m; sourceTree = "<group>"; };
		48456B2E16B07FE4001278CB /* NSString+MD5.h */ = {isa = PBXFileReference; fileEncoding = 4; lastKnownFileType = sourcecode.c.h; path = "NSString+MD5.h"; sourceTree = "<group>"; };
		48456B2F16B07FE4001278CB /* NSString+MD5.m */ = {isa = PBXFileReference; fileEncoding = 4; lastKnownFileType = sourcecode.c.objc; path = "NSString+MD5.m"; sourceTree = "<group>"; };
		48456B3016B07FE4001278CB /* PDFView.h */ = {isa = PBXFileReference; fileEncoding = 4; lastKnownFileType = sourcecode.c.h; path = PDFView.h; sourceTree = "<group>"; };
		48456B3116B07FE4001278CB /* PDFView.m */ = {isa = PBXFileReference; fileEncoding = 4; lastKnownFileType = sourcecode.c.objc; path = PDFView.m; sourceTree = "<group>"; };
		48456B3216B07FE4001278CB /* UIImage+PDF.h */ = {isa = PBXFileReference; fileEncoding = 4; lastKnownFileType = sourcecode.c.h; path = "UIImage+PDF.h"; sourceTree = "<group>"; };
		48456B3316B07FE4001278CB /* UIImage+PDF.m */ = {isa = PBXFileReference; fileEncoding = 4; lastKnownFileType = sourcecode.c.objc; path = "UIImage+PDF.m"; sourceTree = "<group>"; };
		48456B3416B07FE4001278CB /* UIView+Image.h */ = {isa = PBXFileReference; fileEncoding = 4; lastKnownFileType = sourcecode.c.h; path = "UIView+Image.h"; sourceTree = "<group>"; };
		48456B3516B07FE4001278CB /* UIView+Image.m */ = {isa = PBXFileReference; fileEncoding = 4; lastKnownFileType = sourcecode.c.objc; path = "UIView+Image.m"; sourceTree = "<group>"; };
		48456B4C16B09882001278CB /* Aeolian.pdf */ = {isa = PBXFileReference; lastKnownFileType = image.pdf; path = Aeolian.pdf; sourceTree = "<group>"; };
		48456B4D16B09882001278CB /* AltoClef.pdf */ = {isa = PBXFileReference; lastKnownFileType = image.pdf; path = AltoClef.pdf; sourceTree = "<group>"; };
		48456B4E16B09882001278CB /* BariToneClef.pdf */ = {isa = PBXFileReference; lastKnownFileType = image.pdf; path = BariToneClef.pdf; sourceTree = "<group>"; };
		48456B4F16B09882001278CB /* BassClef.pdf */ = {isa = PBXFileReference; lastKnownFileType = image.pdf; path = BassClef.pdf; sourceTree = "<group>"; };
		48456B5016B09882001278CB /* ChromaticCircle.pdf */ = {isa = PBXFileReference; lastKnownFileType = image.pdf; path = ChromaticCircle.pdf; sourceTree = "<group>"; };
		48456B5116B09882001278CB /* CircleOfFifths.pdf */ = {isa = PBXFileReference; lastKnownFileType = image.pdf; path = CircleOfFifths.pdf; sourceTree = "<group>"; };
		48456B5216B09882001278CB /* Dorian.pdf */ = {isa = PBXFileReference; lastKnownFileType = image.pdf; path = Dorian.pdf; sourceTree = "<group>"; };
		48456B5316B09882001278CB /* Ionian.pdf */ = {isa = PBXFileReference; lastKnownFileType = image.pdf; path = Ionian.pdf; sourceTree = "<group>"; };
		48456B5416B09882001278CB /* Locrian.pdf */ = {isa = PBXFileReference; lastKnownFileType = image.pdf; path = Locrian.pdf; sourceTree = "<group>"; };
		48456B5516B09882001278CB /* Lydian.pdf */ = {isa = PBXFileReference; lastKnownFileType = image.pdf; path = Lydian.pdf; sourceTree = "<group>"; };
		48456B5616B09882001278CB /* MezzoSopranoClef.pdf */ = {isa = PBXFileReference; lastKnownFileType = image.pdf; path = MezzoSopranoClef.pdf; sourceTree = "<group>"; };
		48456B5716B09882001278CB /* MixoLydian.pdf */ = {isa = PBXFileReference; lastKnownFileType = image.pdf; path = MixoLydian.pdf; sourceTree = "<group>"; };
		48456B5816B09882001278CB /* Phrygian.pdf */ = {isa = PBXFileReference; lastKnownFileType = image.pdf; path = Phrygian.pdf; sourceTree = "<group>"; };
		48456B5916B09882001278CB /* SolfegeFlats.pdf */ = {isa = PBXFileReference; lastKnownFileType = image.pdf; path = SolfegeFlats.pdf; sourceTree = "<group>"; };
		48456B5A16B09882001278CB /* SolfegeNaturals.pdf */ = {isa = PBXFileReference; lastKnownFileType = image.pdf; path = SolfegeNaturals.pdf; sourceTree = "<group>"; };
		48456B5B16B09882001278CB /* SolfegeSharps.pdf */ = {isa = PBXFileReference; lastKnownFileType = image.pdf; path = SolfegeSharps.pdf; sourceTree = "<group>"; };
		48456B5C16B09882001278CB /* SopranoClef.pdf */ = {isa = PBXFileReference; lastKnownFileType = image.pdf; path = SopranoClef.pdf; sourceTree = "<group>"; };
		48456B5D16B09882001278CB /* SubBassClef.pdf */ = {isa = PBXFileReference; lastKnownFileType = image.pdf; path = SubBassClef.pdf; sourceTree = "<group>"; };
		48456B5E16B09882001278CB /* TenorClef.pdf */ = {isa = PBXFileReference; lastKnownFileType = image.pdf; path = TenorClef.pdf; sourceTree = "<group>"; };
		48456B5F16B09882001278CB /* TheGrandStaff.pdf */ = {isa = PBXFileReference; lastKnownFileType = image.pdf; path = TheGrandStaff.pdf; sourceTree = "<group>"; };
		48456B6016B09882001278CB /* TrebleClef.pdf */ = {isa = PBXFileReference; lastKnownFileType = image.pdf; path = TrebleClef.pdf; sourceTree = "<group>"; };
		48456B6116B09882001278CB /* welcome.pdf */ = {isa = PBXFileReference; lastKnownFileType = image.pdf; path = welcome.pdf; sourceTree = "<group>"; };
		486AFF631658575C00FBFAD6 /* MGSplitViewAppDelegate_iPhone.h */ = {isa = PBXFileReference; fileEncoding = 4; lastKnownFileType = sourcecode.c.h; name = MGSplitViewAppDelegate_iPhone.h; path = Classes/iPhone/MGSplitViewAppDelegate_iPhone.h; sourceTree = "<group>"; };
		486AFF641658575C00FBFAD6 /* MGSplitViewAppDelegate_iPhone.m */ = {isa = PBXFileReference; fileEncoding = 4; lastKnownFileType = sourcecode.c.objc; name = MGSplitViewAppDelegate_iPhone.m; path = Classes/iPhone/MGSplitViewAppDelegate_iPhone.m; sourceTree = "<group>"; };
		486AFF661658594900FBFAD6 /* RootViewController_iPhone.h */ = {isa = PBXFileReference; fileEncoding = 4; lastKnownFileType = sourcecode.c.h; name = RootViewController_iPhone.h; path = iPhone/RootViewController_iPhone.h; sourceTree = "<group>"; };
		486AFF671658594900FBFAD6 /* RootViewController_iPhone.m */ = {isa = PBXFileReference; fileEncoding = 4; lastKnownFileType = sourcecode.c.objc; name = RootViewController_iPhone.m; path = iPhone/RootViewController_iPhone.m; sourceTree = "<group>"; };
		48849CC216C3D17600BE741F /* CClefIcon.png */ = {isa = PBXFileReference; lastKnownFileType = image.png; path = CClefIcon.png; sourceTree = "<group>"; };
		48849CC316C3D17600BE741F /* CircleIcon.pdf */ = {isa = PBXFileReference; lastKnownFileType = image.pdf; path = CircleIcon.pdf; sourceTree = "<group>"; };
		48849CC416C3D17600BE741F /* CircleIcon.png */ = {isa = PBXFileReference; lastKnownFileType = image.png; path = CircleIcon.png; sourceTree = "<group>"; };
		48849CC516C3D17600BE741F /* DorianIcon.pdf */ = {isa = PBXFileReference; lastKnownFileType = image.pdf; path = DorianIcon.pdf; sourceTree = "<group>"; };
		48849CC616C3D17600BE741F /* DorianIcon.png */ = {isa = PBXFileReference; lastKnownFileType = image.png; path = DorianIcon.png; sourceTree = "<group>"; };
		48849CC716C3D17600BE741F /* FClefIcon.png */ = {isa = PBXFileReference; lastKnownFileType = image.png; path = FClefIcon.png; sourceTree = "<group>"; };
		48849CC816C3D17600BE741F /* IonianIcon.pdf */ = {isa = PBXFileReference; lastKnownFileType = image.pdf; path = IonianIcon.pdf; sourceTree = "<group>"; };
		48849CC916C3D17600BE741F /* IonianIcon.png */ = {isa = PBXFileReference; lastKnownFileType = image.png; path = IonianIcon.png; sourceTree = "<group>"; };
		48849CCA16C3D17600BE741F /* LydianIcon.pdf */ = {isa = PBXFileReference; lastKnownFileType = image.pdf; path = LydianIcon.pdf; sourceTree = "<group>"; };
		48849CCB16C3D17600BE741F /* LydianIcon.png */ = {isa = PBXFileReference; lastKnownFileType = image.png; path = LydianIcon.png; sourceTree = "<group>"; };
		48849CCC16C3D17600BE741F /* PhrygianIcon.pdf */ = {isa = PBXFileReference; lastKnownFileType = image.pdf; path = PhrygianIcon.pdf; sourceTree = "<group>"; };
		48849CCD16C3D17600BE741F /* PhrygianIcon.png */ = {isa = PBXFileReference; lastKnownFileType = image.png; path = PhrygianIcon.png; sourceTree = "<group>"; };
		48849CCE16C3D17600BE741F /* StaffIcon.pdf */ = {isa = PBXFileReference; lastKnownFileType = image.pdf; path = StaffIcon.pdf; sourceTree = "<group>"; };
		48849CCF16C3D17600BE741F /* StaffIcon.png */ = {isa = PBXFileReference; lastKnownFileType = image.png; path = StaffIcon.png; sourceTree = "<group>"; };
		48BB214316C42EC40021E05F /* MixerHostAudio.h */ = {isa = PBXFileReference; fileEncoding = 4; lastKnownFileType = sourcecode.c.h; path = MixerHostAudio.h; sourceTree = "<group>"; };
		48BB214416C42EC40021E05F /* MixerHostAudio.m */ = {isa = PBXFileReference; fileEncoding = 4; lastKnownFileType = sourcecode.c.objc; path = MixerHostAudio.m; sourceTree = "<group>"; };
		48BB214616C42EF80021E05F /* Constants.h */ = {isa = PBXFileReference; fileEncoding = 4; lastKnownFileType = sourcecode.c.h; path = Constants.h; sourceTree = "<group>"; };
		48BB214716C42F680021E05F /* Colors.h */ = {isa = PBXFileReference; fileEncoding = 4; lastKnownFileType = sourcecode.c.h; path = Colors.h; sourceTree = "<group>"; };
		48BB214816C42F8D0021E05F /* AVFoundation.framework */ = {isa = PBXFileReference; lastKnownFileType = wrapper.framework; name = AVFoundation.framework; path = System/Library/Frameworks/AVFoundation.framework; sourceTree = SDKROOT; };
		48BB214A16C42F920021E05F /* AudioToolbox.framework */ = {isa = PBXFileReference; lastKnownFileType = wrapper.framework; name = AudioToolbox.framework; path = System/Library/Frameworks/AudioToolbox.framework; sourceTree = SDKROOT; };
		48BB214D16C431D70021E05F /* A#.L.aif */ = {isa = PBXFileReference; lastKnownFileType = file; path = "A#.L.aif"; sourceTree = "<group>"; };
		48BB214E16C431D70021E05F /* A#.R.aif */ = {isa = PBXFileReference; lastKnownFileType = file; path = "A#.R.aif"; sourceTree = "<group>"; };
		48BB214F16C431D70021E05F /* A#2.L.aif */ = {isa = PBXFileReference; lastKnownFileType = file; path = "A#2.L.aif"; sourceTree = "<group>"; };
		48BB215016C431D70021E05F /* A#3.L.aif */ = {isa = PBXFileReference; lastKnownFileType = file; path = "A#3.L.aif"; sourceTree = "<group>"; };
		48BB215116C431D70021E05F /* A#4.L.aif */ = {isa = PBXFileReference; lastKnownFileType = file; path = "A#4.L.aif"; sourceTree = "<group>"; };
		48BB215216C431D70021E05F /* A.L.aif */ = {isa = PBXFileReference; lastKnownFileType = file; path = A.L.aif; sourceTree = "<group>"; };
		48BB215316C431D70021E05F /* A2.L.aif */ = {isa = PBXFileReference; lastKnownFileType = file; path = A2.L.aif; sourceTree = "<group>"; };
		48BB215416C431D70021E05F /* A3.L.aif */ = {isa = PBXFileReference; lastKnownFileType = file; path = A3.L.aif; sourceTree = "<group>"; };
		48BB215516C431D70021E05F /* A4.L.aif */ = {isa = PBXFileReference; lastKnownFileType = file; path = A4.L.aif; sourceTree = "<group>"; };
		48BB217D16C431D70021E05F /* B2.L.aif */ = {isa = PBXFileReference; lastKnownFileType = file; path = B2.L.aif; sourceTree = "<group>"; };
		48BB217E16C431D70021E05F /* B3.L.aif */ = {isa = PBXFileReference; lastKnownFileType = file; path = B3.L.aif; sourceTree = "<group>"; };
		48BB217F16C431D70021E05F /* B4.L.aif */ = {isa = PBXFileReference; lastKnownFileType = file; path = B4.L.aif; sourceTree = "<group>"; };
		48BB218016C431D70021E05F /* C#.L.aif */ = {isa = PBXFileReference; lastKnownFileType = file; path = "C#.L.aif"; sourceTree = "<group>"; };
		48BB218116C431D70021E05F /* C#2.L.aif */ = {isa = PBXFileReference; lastKnownFileType = file; path = "C#2.L.aif"; sourceTree = "<group>"; };
		48BB218216C431D70021E05F /* C#3.L.aif */ = {isa = PBXFileReference; lastKnownFileType = file; path = "C#3.L.aif"; sourceTree = "<group>"; };
		48BB218316C431D70021E05F /* C#4.L.aif */ = {isa = PBXFileReference; lastKnownFileType = file; path = "C#4.L.aif"; sourceTree = "<group>"; };
		48BB218416C431D70021E05F /* C#5.L.aif */ = {isa = PBXFileReference; lastKnownFileType = file; path = "C#5.L.aif"; sourceTree = "<group>"; };
		48BB218516C431D70021E05F /* C#5.R.aif */ = {isa = PBXFileReference; lastKnownFileType = file; path = "C#5.R.aif"; sourceTree = "<group>"; };
		48BB218616C431D70021E05F /* C2.L.aif */ = {isa = PBXFileReference; lastKnownFileType = file; path = C2.L.aif; sourceTree = "<group>"; };
		48BB218716C431D70021E05F /* C3.L.aif */ = {isa = PBXFileReference; lastKnownFileType = file; path = C3.L.aif; sourceTree = "<group>"; };
		48BB218816C431D70021E05F /* C4.L.aif */ = {isa = PBXFileReference; lastKnownFileType = file; path = C4.L.aif; sourceTree = "<group>"; };
		48BB218916C431D70021E05F /* C5.L.aif */ = {isa = PBXFileReference; lastKnownFileType = file; path = C5.L.aif; sourceTree = "<group>"; };
		48BB218A16C431D70021E05F /* D#.L.aif */ = {isa = PBXFileReference; lastKnownFileType = file; path = "D#.L.aif"; sourceTree = "<group>"; };
		48BB218B16C431D70021E05F /* D#2.L.aif */ = {isa = PBXFileReference; lastKnownFileType = file; path = "D#2.L.aif"; sourceTree = "<group>"; };
		48BB218C16C431D70021E05F /* D#3.L.aif */ = {isa = PBXFileReference; lastKnownFileType = file; path = "D#3.L.aif"; sourceTree = "<group>"; };
		48BB218D16C431D70021E05F /* D#4.L.aif */ = {isa = PBXFileReference; lastKnownFileType = file; path = "D#4.L.aif"; sourceTree = "<group>"; };
		48BB218E16C431D70021E05F /* D#5.L.aif */ = {isa = PBXFileReference; lastKnownFileType = file; path = "D#5.L.aif"; sourceTree = "<group>"; };
		48BB218F16C431D70021E05F /* D#5.R.aif */ = {isa = PBXFileReference; lastKnownFileType = file; path = "D#5.R.aif"; sourceTree = "<group>"; };
		48BB219016C431D70021E05F /* D.L.aif */ = {isa = PBXFileReference; lastKnownFileType = file; path = D.L.aif; sourceTree = "<group>"; };
		48BB219116C431D70021E05F /* D2.L.aif */ = {isa = PBXFileReference; lastKnownFileType = file; path = D2.L.aif; sourceTree = "<group>"; };
		48BB219216C431D70021E05F /* D3.L.aif */ = {isa = PBXFileReference; lastKnownFileType = file; path = D3.L.aif; sourceTree = "<group>"; };
		48BB219316C431D70021E05F /* D4.L.aif */ = {isa = PBXFileReference; lastKnownFileType = file; path = D4.L.aif; sourceTree = "<group>"; };
		48BB219416C431D70021E05F /* D5.L.aif */ = {isa = PBXFileReference; lastKnownFileType = file; path = D5.L.aif; sourceTree = "<group>"; };
		48BB219516C431D70021E05F /* D5.R.aif */ = {isa = PBXFileReference; lastKnownFileType = file; path = D5.R.aif; sourceTree = "<group>"; };
		48BB219616C431D70021E05F /* E.L.aif */ = {isa = PBXFileReference; lastKnownFileType = file; path = E.L.aif; sourceTree = "<group>"; };
		48BB219716C431D70021E05F /* E2.L.aif */ = {isa = PBXFileReference; lastKnownFileType = file; path = E2.L.aif; sourceTree = "<group>"; };
		48BB219816C431D70021E05F /* E3.L.aif */ = {isa = PBXFileReference; lastKnownFileType = file; path = E3.L.aif; sourceTree = "<group>"; };
		48BB219916C431D70021E05F /* E4.L.aif */ = {isa = PBXFileReference; lastKnownFileType = file; path = E4.L.aif; sourceTree = "<group>"; };
		48BB219A16C431D70021E05F /* E5.L.aif */ = {isa = PBXFileReference; lastKnownFileType = file; path = E5.L.aif; sourceTree = "<group>"; };
		48BB219B16C431D70021E05F /* E5.R.aif */ = {isa = PBXFileReference; lastKnownFileType = file; path = E5.R.aif; sourceTree = "<group>"; };
		48BB219C16C431D70021E05F /* F#.L.aif */ = {isa = PBXFileReference; lastKnownFileType = file; path = "F#.L.aif"; sourceTree = "<group>"; };
		48BB219D16C431D70021E05F /* F#2.L.aif */ = {isa = PBXFileReference; lastKnownFileType = file; path = "F#2.L.aif"; sourceTree = "<group>"; };
		48BB219E16C431D70021E05F /* F#3.L.aif */ = {isa = PBXFileReference; lastKnownFileType = file; path = "F#3.L.aif"; sourceTree = "<group>"; };
		48BB219F16C431D70021E05F /* F#4.L.aif */ = {isa = PBXFileReference; lastKnownFileType = file; path = "F#4.L.aif"; sourceTree = "<group>"; };
		48BB21A016C431D70021E05F /* F#5.L.aif */ = {isa = PBXFileReference; lastKnownFileType = file; path = "F#5.L.aif"; sourceTree = "<group>"; };
		48BB21A116C431D70021E05F /* F#5.R.aif */ = {isa = PBXFileReference; lastKnownFileType = file; path = "F#5.R.aif"; sourceTree = "<group>"; };
		48BB21A216C431D70021E05F /* F.L.aif */ = {isa = PBXFileReference; lastKnownFileType = file; path = F.L.aif; sourceTree = "<group>"; };
		48BB21A316C431D70021E05F /* F2.L.aif */ = {isa = PBXFileReference; lastKnownFileType = file; path = F2.L.aif; sourceTree = "<group>"; };
		48BB21A416C431D70021E05F /* F3.L.aif */ = {isa = PBXFileReference; lastKnownFileType = file; path = F3.L.aif; sourceTree = "<group>"; };
		48BB21A516C431D70021E05F /* F4.L.aif */ = {isa = PBXFileReference; lastKnownFileType = file; path = F4.L.aif; sourceTree = "<group>"; };
		48BB21A616C431D70021E05F /* F5.L.aif */ = {isa = PBXFileReference; lastKnownFileType = file; path = F5.L.aif; sourceTree = "<group>"; };
		48BB21A716C431D70021E05F /* F5.R.aif */ = {isa = PBXFileReference; lastKnownFileType = file; path = F5.R.aif; sourceTree = "<group>"; };
		48BB21A816C431D70021E05F /* G#.L.aif */ = {isa = PBXFileReference; lastKnownFileType = file; path = "G#.L.aif"; sourceTree = "<group>"; };
		48BB21A916C431D70021E05F /* G#2.L.aif */ = {isa = PBXFileReference; lastKnownFileType = file; path = "G#2.L.aif"; sourceTree = "<group>"; };
		48BB21AA16C431D80021E05F /* G#3.L.aif */ = {isa = PBXFileReference; lastKnownFileType = file; path = "G#3.L.aif"; sourceTree = "<group>"; };
		48BB21AB16C431D80021E05F /* G#4.L.aif */ = {isa = PBXFileReference; lastKnownFileType = file; path = "G#4.L.aif"; sourceTree = "<group>"; };
		48BB21AC16C431D80021E05F /* G#5.L.aif */ = {isa = PBXFileReference; lastKnownFileType = file; path = "G#5.L.aif"; sourceTree = "<group>"; };
		48BB21AD16C431D80021E05F /* G#5.R.aif */ = {isa = PBXFileReference; lastKnownFileType = file; path = "G#5.R.aif"; sourceTree = "<group>"; };
		48BB21AE16C431D80021E05F /* G.L.aif */ = {isa = PBXFileReference; lastKnownFileType = file; path = G.L.aif; sourceTree = "<group>"; };
		48BB21AF16C431D80021E05F /* G2.L.aif */ = {isa = PBXFileReference; lastKnownFileType = file; path = G2.L.aif; sourceTree = "<group>"; };
		48BB21B016C431D80021E05F /* G3.L.aif */ = {isa = PBXFileReference; lastKnownFileType = file; path = G3.L.aif; sourceTree = "<group>"; };
		48BB21B116C431D80021E05F /* G4.L.aif */ = {isa = PBXFileReference; lastKnownFileType = file; path = G4.L.aif; sourceTree = "<group>"; };
		48BB21B216C431D80021E05F /* G5.L.aif */ = {isa = PBXFileReference; lastKnownFileType = file; path = G5.L.aif; sourceTree = "<group>"; };
		48BB21B316C431D80021E05F /* G5.R.aif */ = {isa = PBXFileReference; lastKnownFileType = file; path = G5.R.aif; sourceTree = "<group>"; };
		48C9BCC616AB82F1007EC563 /* Default copy.png */ = {isa = PBXFileReference; lastKnownFileType = image.png; name = "Default copy.png"; path = "../MT101/Default copy.png"; sourceTree = "<group>"; };
		48C9BCC716AB82F1007EC563 /* Default-568h@2x.png */ = {isa = PBXFileReference; lastKnownFileType = image.png; name = "Default-568h@2x.png"; path = "../MT101/Default-568h@2x.png"; sourceTree = "<group>"; };
		48C9BCC816AB82F1007EC563 /* Default-Landscape.png */ = {isa = PBXFileReference; lastKnownFileType = image.png; name = "Default-Landscape.png"; path = "../MT101/Default-Landscape.png"; sourceTree = "<group>"; };
		48C9BCC916AB82F1007EC563 /* Default-Landscape@2x.ai */ = {isa = PBXFileReference; fileEncoding = 4; lastKnownFileType = text; name = "Default-Landscape@2x.ai"; path = "../MT101/Default-Landscape@2x.ai"; sourceTree = "<group>"; };
		48C9BCCA16AB82F1007EC563 /* Default-Landscape@2x~ipad.png */ = {isa = PBXFileReference; lastKnownFileType = image.png; name = "Default-Landscape@2x~ipad.png"; path = "../MT101/Default-Landscape@2x~ipad.png"; sourceTree = "<group>"; };
		48C9BCCB16AB82F1007EC563 /* Default-Landscape~ipad.ai */ = {isa = PBXFileReference; fileEncoding = 4; lastKnownFileType = text; name = "Default-Landscape~ipad.ai"; path = "../MT101/Default-Landscape~ipad.ai"; sourceTree = "<group>"; };
		48C9BCCC16AB82F1007EC563 /* Default-Landscape~ipad.png */ = {isa = PBXFileReference; lastKnownFileType = image.png; name = "Default-Landscape~ipad.png"; path = "../MT101/Default-Landscape~ipad.png"; sourceTree = "<group>"; };
		48C9BCCD16AB82F1007EC563 /* Default-Portrait.png */ = {isa = PBXFileReference; lastKnownFileType = image.png; name = "Default-Portrait.png"; path = "../MT101/Default-Portrait.png"; sourceTree = "<group>"; };
		48C9BCCE16AB82F1007EC563 /* Default-Portrait@2x~ipad.png */ = {isa = PBXFileReference; lastKnownFileType = image.png; name = "Default-Portrait@2x~ipad.png"; path = "../MT101/Default-Portrait@2x~ipad.png"; sourceTree = "<group>"; };
		48C9BCCF16AB82F1007EC563 /* Default-Portrait~ipad.png */ = {isa = PBXFileReference; lastKnownFileType = image.png; name = "Default-Portrait~ipad.png"; path = "../MT101/Default-Portrait~ipad.png"; sourceTree = "<group>"; };
		48C9BCD016AB82F1007EC563 /* Default.ai */ = {isa = PBXFileReference; fileEncoding = 4; lastKnownFileType = text; name = Default.ai; path = ../MT101/Default.ai; sourceTree = "<group>"; };
		48C9BCD116AB82F1007EC563 /* Default.png */ = {isa = PBXFileReference; lastKnownFileType = image.png; name = Default.png; path = ../MT101/Default.png; sourceTree = "<group>"; };
		48C9BCD216AB82F1007EC563 /* Default@2x.ai */ = {isa = PBXFileReference; fileEncoding = 4; lastKnownFileType = text; name = "Default@2x.ai"; path = "../MT101/Default@2x.ai"; sourceTree = "<group>"; };
		48C9BCD316AB82F1007EC563 /* Default@2x.png */ = {isa = PBXFileReference; lastKnownFileType = image.png; name = "Default@2x.png"; path = "../MT101/Default@2x.png"; sourceTree = "<group>"; };
		48C9BCE316AB83A0007EC563 /* icon-72.png */ = {isa = PBXFileReference; lastKnownFileType = image.png; name = "icon-72.png"; path = "../MT101/icon-72.png"; sourceTree = "<group>"; };
		48C9BCE416AB83A0007EC563 /* icon-72@2x.png */ = {isa = PBXFileReference; lastKnownFileType = image.png; name = "icon-72@2x.png"; path = "../MT101/icon-72@2x.png"; sourceTree = "<group>"; };
		48C9BCE516AB83A0007EC563 /* icon.png */ = {isa = PBXFileReference; lastKnownFileType = image.png; name = icon.png; path = ../MT101/icon.png; sourceTree = "<group>"; };
		48C9BCE616AB83A0007EC563 /* icon@2x.css */ = {isa = PBXFileReference; lastKnownFileType = text.css; name = "icon@2x.css"; path = "../MT101/icon@2x.css"; sourceTree = "<group>"; };
		48C9BCE716AB83A0007EC563 /* icon@2x.png */ = {isa = PBXFileReference; lastKnownFileType = image.png; name = "icon@2x.png"; path = "../MT101/icon@2x.png"; sourceTree = "<group>"; };
		48C9BCE916AB8408007EC563 /* icon.png */ = {isa = PBXFileReference; lastKnownFileType = image.png; path = icon.png; sourceTree = "<group>"; };
		48C9BCEB16AB841D007EC563 /* icon@2x.png */ = {isa = PBXFileReference; lastKnownFileType = image.png; path = "icon@2x.png"; sourceTree = "<group>"; };
		48C9BCED16AB8424007EC563 /* icon-72@2x.png */ = {isa = PBXFileReference; lastKnownFileType = image.png; path = "icon-72@2x.png"; sourceTree = "<group>"; };
		48C9BCEF16AB8434007EC563 /* icon-72.png */ = {isa = PBXFileReference; lastKnownFileType = image.png; path = "icon-72.png"; sourceTree = "<group>"; };
		8D1107310486CEB800E47090 /* MT101-Info.plist */ = {isa = PBXFileReference; fileEncoding = 4; lastKnownFileType = text.plist.xml; path = "MT101-Info.plist"; plistStructureDefinitionIdentifier = "com.apple.xcode.plist.structure-definition.iphone.info-plist"; sourceTree = "<group>"; };
		C98573701200823C001B5F94 /* MGSplitCornersView.h */ = {isa = PBXFileReference; fileEncoding = 4; lastKnownFileType = sourcecode.c.h; path = MGSplitCornersView.h; sourceTree = "<group>"; };
		C98573711200823C001B5F94 /* MGSplitCornersView.m */ = {isa = PBXFileReference; fileEncoding = 4; lastKnownFileType = sourcecode.c.objc; path = MGSplitCornersView.m; sourceTree = "<group>"; };
		C9CDF79F11FDA7310016C1C5 /* MGSplitViewController.h */ = {isa = PBXFileReference; fileEncoding = 4; lastKnownFileType = sourcecode.c.h; path = MGSplitViewController.h; sourceTree = "<group>"; };
		C9CDF7A011FDA7310016C1C5 /* MGSplitViewController.m */ = {isa = PBXFileReference; fileEncoding = 4; lastKnownFileType = sourcecode.c.objc; path = MGSplitViewController.m; sourceTree = "<group>"; };
		C9CDF7A211FDA7890016C1C5 /* README.md */ = {isa = PBXFileReference; fileEncoding = 4; lastKnownFileType = text; path = README.md; sourceTree = "<group>"; };
		C9CDF7A311FDA7890016C1C5 /* Source Code License.rtf */ = {isa = PBXFileReference; lastKnownFileType = text.rtf; path = "Source Code License.rtf"; sourceTree = "<group>"; };
		C9CDF83A11FDD8000016C1C5 /* MGSplitDividerView.h */ = {isa = PBXFileReference; fileEncoding = 4; lastKnownFileType = sourcecode.c.h; path = MGSplitDividerView.h; sourceTree = "<group>"; };
		C9CDF83B11FDD8000016C1C5 /* MGSplitDividerView.m */ = {isa = PBXFileReference; fileEncoding = 4; lastKnownFileType = sourcecode.c.objc; path = MGSplitDividerView.m; sourceTree = "<group>"; };
		C9CDF92211FE27DE0016C1C5 /* TODO.md */ = {isa = PBXFileReference; fileEncoding = 4; lastKnownFileType = text; path = TODO.md; sourceTree = "<group>"; };
/* End PBXFileReference section */

/* Begin PBXFrameworksBuildPhase section */
		1D60588F0D05DD3D006BFB54 /* Frameworks */ = {
			isa = PBXFrameworksBuildPhase;
			buildActionMask = 2147483647;
			files = (
				48BB214B16C42F920021E05F /* AudioToolbox.framework in Frameworks */,
				48BB214916C42F8D0021E05F /* AVFoundation.framework in Frameworks */,
				1D60589F0D05DD5A006BFB54 /* Foundation.framework in Frameworks */,
				1DF5F4E00D08C38300B7A737 /* UIKit.framework in Frameworks */,
				2892E4100DC94CBA00A64D0F /* CoreGraphics.framework in Frameworks */,
			);
			runOnlyForDeploymentPostprocessing = 0;
		};
/* End PBXFrameworksBuildPhase section */

/* Begin PBXGroup section */
		080E96DDFE201D6D7F000001 /* Classes */ = {
			isa = PBXGroup;
			children = (
				C9CDF79B11FDA7080016C1C5 /* Demo */,
				C9CDF79E11FDA7140016C1C5 /* MGSplitViewController */,
			);
			path = Classes;
			sourceTree = "<group>";
		};
		19C28FACFE9D520D11CA2CBB /* Products */ = {
			isa = PBXGroup;
			children = (
				1D6058910D05DD3D006BFB54 /* MT101.app */,
			);
			name = Products;
			sourceTree = "<group>";
		};
		29B97314FDCFA39411CA2CEA /* CustomTemplate */ = {
			isa = PBXGroup;
			children = (
				48BB214A16C42F920021E05F /* AudioToolbox.framework */,
				48BB214816C42F8D0021E05F /* AVFoundation.framework */,
				48C9BCEF16AB8434007EC563 /* icon-72.png */,
				48C9BCED16AB8424007EC563 /* icon-72@2x.png */,
				48C9BCEB16AB841D007EC563 /* icon@2x.png */,
				48C9BCE916AB8408007EC563 /* icon.png */,
				C9CDF7A211FDA7890016C1C5 /* README.md */,
				C9CDF7A311FDA7890016C1C5 /* Source Code License.rtf */,
				C9CDF92211FE27DE0016C1C5 /* TODO.md */,
				080E96DDFE201D6D7F000001 /* Classes */,
				29B97315FDCFA39411CA2CEA /* Other Sources */,
				29B97317FDCFA39411CA2CEA /* Resources */,
				29B97323FDCFA39411CA2CEA /* Frameworks */,
				19C28FACFE9D520D11CA2CBB /* Products */,
			);
			name = CustomTemplate;
			sourceTree = "<group>";
		};
		29B97315FDCFA39411CA2CEA /* Other Sources */ = {
			isa = PBXGroup;
			children = (
				48BB214716C42F680021E05F /* Colors.h */,
				48BB214616C42EF80021E05F /* Constants.h */,
				48BB214216C42EC40021E05F /* AudioHost */,
				48849CC116C3D17600BE741F /* CellIcons */,
				48456B2D16B07FE4001278CB /* UIImage+PDF */,
				28A0AAE50D9B0CCF005BE974 /* MT101_Prefix.pch */,
				29B97316FDCFA39411CA2CEA /* main.m */,
			);
			name = "Other Sources";
			sourceTree = "<group>";
		};
		29B97317FDCFA39411CA2CEA /* Resources */ = {
			isa = PBXGroup;
			children = (
				48BB214C16C431D70021E05F /* Audio */,
				48456B4B16B09882001278CB /* ScalePDFs */,
				48C9BCE316AB83A0007EC563 /* icon-72.png */,
				48C9BCE416AB83A0007EC563 /* icon-72@2x.png */,
				48C9BCE516AB83A0007EC563 /* icon.png */,
				48C9BCE616AB83A0007EC563 /* icon@2x.css */,
				48C9BCE716AB83A0007EC563 /* icon@2x.png */,
				48C9BCC616AB82F1007EC563 /* Default copy.png */,
				48C9BCC716AB82F1007EC563 /* Default-568h@2x.png */,
				48C9BCC816AB82F1007EC563 /* Default-Landscape.png */,
				48C9BCC916AB82F1007EC563 /* Default-Landscape@2x.ai */,
				48C9BCCA16AB82F1007EC563 /* Default-Landscape@2x~ipad.png */,
				48C9BCCB16AB82F1007EC563 /* Default-Landscape~ipad.ai */,
				48C9BCCC16AB82F1007EC563 /* Default-Landscape~ipad.png */,
				48C9BCCD16AB82F1007EC563 /* Default-Portrait.png */,
				48C9BCCE16AB82F1007EC563 /* Default-Portrait@2x~ipad.png */,
				48C9BCCF16AB82F1007EC563 /* Default-Portrait~ipad.png */,
				48C9BCD016AB82F1007EC563 /* Default.ai */,
				48C9BCD116AB82F1007EC563 /* Default.png */,
				48C9BCD216AB82F1007EC563 /* Default@2x.ai */,
				48C9BCD316AB82F1007EC563 /* Default@2x.png */,
				8D1107310486CEB800E47090 /* MT101-Info.plist */,
			);
			name = Resources;
			sourceTree = "<group>";
		};
		29B97323FDCFA39411CA2CEA /* Frameworks */ = {
			isa = PBXGroup;
			children = (
				1DF5F4DF0D08C38300B7A737 /* UIKit.framework */,
				1D30AB110D05D00D00671497 /* Foundation.framework */,
				2892E40F0DC94CBA00A64D0F /* CoreGraphics.framework */,
			);
			name = Frameworks;
			sourceTree = "<group>";
		};
		48456B2D16B07FE4001278CB /* UIImage+PDF */ = {
			isa = PBXGroup;
			children = (
				48456B2E16B07FE4001278CB /* NSString+MD5.h */,
				48456B2F16B07FE4001278CB /* NSString+MD5.m */,
				48456B3016B07FE4001278CB /* PDFView.h */,
				48456B3116B07FE4001278CB /* PDFView.m */,
				48456B3216B07FE4001278CB /* UIImage+PDF.h */,
				48456B3316B07FE4001278CB /* UIImage+PDF.m */,
				48456B3416B07FE4001278CB /* UIView+Image.h */,
				48456B3516B07FE4001278CB /* UIView+Image.m */,
			);
			path = "UIImage+PDF";
			sourceTree = "<group>";
		};
		48456B4B16B09882001278CB /* ScalePDFs */ = {
			isa = PBXGroup;
			children = (
				48456B4C16B09882001278CB /* Aeolian.pdf */,
				48456B4D16B09882001278CB /* AltoClef.pdf */,
				48456B4E16B09882001278CB /* BariToneClef.pdf */,
				48456B4F16B09882001278CB /* BassClef.pdf */,
				48456B5016B09882001278CB /* ChromaticCircle.pdf */,
				48456B5116B09882001278CB /* CircleOfFifths.pdf */,
				48456B5216B09882001278CB /* Dorian.pdf */,
				48456B5316B09882001278CB /* Ionian.pdf */,
				48456B5416B09882001278CB /* Locrian.pdf */,
				48456B5516B09882001278CB /* Lydian.pdf */,
				48456B5616B09882001278CB /* MezzoSopranoClef.pdf */,
				48456B5716B09882001278CB /* MixoLydian.pdf */,
				48456B5816B09882001278CB /* Phrygian.pdf */,
				48456B5916B09882001278CB /* SolfegeFlats.pdf */,
				48456B5A16B09882001278CB /* SolfegeNaturals.pdf */,
				48456B5B16B09882001278CB /* SolfegeSharps.pdf */,
				48456B5C16B09882001278CB /* SopranoClef.pdf */,
				48456B5D16B09882001278CB /* SubBassClef.pdf */,
				48456B5E16B09882001278CB /* TenorClef.pdf */,
				48456B5F16B09882001278CB /* TheGrandStaff.pdf */,
				48456B6016B09882001278CB /* TrebleClef.pdf */,
				48456B6116B09882001278CB /* welcome.pdf */,
			);
			path = ScalePDFs;
			sourceTree = "<group>";
		};
		486AFF621658542D00FBFAD6 /* iPhone */ = {
			isa = PBXGroup;
			children = (
				486AFF631658575C00FBFAD6 /* MGSplitViewAppDelegate_iPhone.h */,
				486AFF641658575C00FBFAD6 /* MGSplitViewAppDelegate_iPhone.m */,
				480B3E6416AB7AFC00A3F687 /* MainWindow_iPhone.xib */,
				486AFF661658594900FBFAD6 /* RootViewController_iPhone.h */,
				486AFF671658594900FBFAD6 /* RootViewController_iPhone.m */,
				480B3E9B16AB80A500A3F687 /* RootViewController_iPhone.xib */,
				480C588D16935A04001A7007 /* DetailViewController_iPhone.h */,
				480C588E16935A04001A7007 /* DetailViewController_iPhone.m */,
			);
			name = iPhone;
			path = ..;
			sourceTree = "<group>";
		};
		48849CC116C3D17600BE741F /* CellIcons */ = {
			isa = PBXGroup;
			children = (
				48849CC216C3D17600BE741F /* CClefIcon.png */,
				48849CC316C3D17600BE741F /* CircleIcon.pdf */,
				48849CC416C3D17600BE741F /* CircleIcon.png */,
				48849CC516C3D17600BE741F /* DorianIcon.pdf */,
				48849CC616C3D17600BE741F /* DorianIcon.png */,
				48849CC716C3D17600BE741F /* FClefIcon.png */,
				48849CC816C3D17600BE741F /* IonianIcon.pdf */,
				48849CC916C3D17600BE741F /* IonianIcon.png */,
				48849CCA16C3D17600BE741F /* LydianIcon.pdf */,
				48849CCB16C3D17600BE741F /* LydianIcon.png */,
				48849CCC16C3D17600BE741F /* PhrygianIcon.pdf */,
				48849CCD16C3D17600BE741F /* PhrygianIcon.png */,
				48849CCE16C3D17600BE741F /* StaffIcon.pdf */,
				48849CCF16C3D17600BE741F /* StaffIcon.png */,
			);
			path = CellIcons;
			sourceTree = "<group>";
		};
		48BB214216C42EC40021E05F /* AudioHost */ = {
			isa = PBXGroup;
			children = (
				48BB214316C42EC40021E05F /* MixerHostAudio.h */,
				48BB214416C42EC40021E05F /* MixerHostAudio.m */,
			);
			path = AudioHost;
			sourceTree = "<group>";
		};
		48BB214C16C431D70021E05F /* Audio */ = {
			isa = PBXGroup;
			children = (
				48BB214D16C431D70021E05F /* A#.L.aif */,
				48BB214E16C431D70021E05F /* A#.R.aif */,
				48BB214F16C431D70021E05F /* A#2.L.aif */,
				48BB215016C431D70021E05F /* A#3.L.aif */,
				48BB215116C431D70021E05F /* A#4.L.aif */,
				48BB215216C431D70021E05F /* A.L.aif */,
				48BB215316C431D70021E05F /* A2.L.aif */,
				48BB215416C431D70021E05F /* A3.L.aif */,
				48BB215516C431D70021E05F /* A4.L.aif */,
				48BB217D16C431D70021E05F /* B2.L.aif */,
				48BB217E16C431D70021E05F /* B3.L.aif */,
				48BB217F16C431D70021E05F /* B4.L.aif */,
				48BB218016C431D70021E05F /* C#.L.aif */,
				48BB218116C431D70021E05F /* C#2.L.aif */,
				48BB218216C431D70021E05F /* C#3.L.aif */,
				48BB218316C431D70021E05F /* C#4.L.aif */,
				48BB218416C431D70021E05F /* C#5.L.aif */,
				48BB218516C431D70021E05F /* C#5.R.aif */,
				48BB218616C431D70021E05F /* C2.L.aif */,
				48BB218716C431D70021E05F /* C3.L.aif */,
				48BB218816C431D70021E05F /* C4.L.aif */,
				48BB218916C431D70021E05F /* C5.L.aif */,
				48BB218A16C431D70021E05F /* D#.L.aif */,
				48BB218B16C431D70021E05F /* D#2.L.aif */,
				48BB218C16C431D70021E05F /* D#3.L.aif */,
				48BB218D16C431D70021E05F /* D#4.L.aif */,
				48BB218E16C431D70021E05F /* D#5.L.aif */,
				48BB218F16C431D70021E05F /* D#5.R.aif */,
				48BB219016C431D70021E05F /* D.L.aif */,
				48BB219116C431D70021E05F /* D2.L.aif */,
				48BB219216C431D70021E05F /* D3.L.aif */,
				48BB219316C431D70021E05F /* D4.L.aif */,
				48BB219416C431D70021E05F /* D5.L.aif */,
				48BB219516C431D70021E05F /* D5.R.aif */,
				48BB219616C431D70021E05F /* E.L.aif */,
				48BB219716C431D70021E05F /* E2.L.aif */,
				48BB219816C431D70021E05F /* E3.L.aif */,
				48BB219916C431D70021E05F /* E4.L.aif */,
				48BB219A16C431D70021E05F /* E5.L.aif */,
				48BB219B16C431D70021E05F /* E5.R.aif */,
				48BB219C16C431D70021E05F /* F#.L.aif */,
				48BB219D16C431D70021E05F /* F#2.L.aif */,
				48BB219E16C431D70021E05F /* F#3.L.aif */,
				48BB219F16C431D70021E05F /* F#4.L.aif */,
				48BB21A016C431D70021E05F /* F#5.L.aif */,
				48BB21A116C431D70021E05F /* F#5.R.aif */,
				48BB21A216C431D70021E05F /* F.L.aif */,
				48BB21A316C431D70021E05F /* F2.L.aif */,
				48BB21A416C431D70021E05F /* F3.L.aif */,
				48BB21A516C431D70021E05F /* F4.L.aif */,
				48BB21A616C431D70021E05F /* F5.L.aif */,
				48BB21A716C431D70021E05F /* F5.R.aif */,
				48BB21A816C431D70021E05F /* G#.L.aif */,
				48BB21A916C431D70021E05F /* G#2.L.aif */,
				48BB21AA16C431D80021E05F /* G#3.L.aif */,
				48BB21AB16C431D80021E05F /* G#4.L.aif */,
				48BB21AC16C431D80021E05F /* G#5.L.aif */,
				48BB21AD16C431D80021E05F /* G#5.R.aif */,
				48BB21AE16C431D80021E05F /* G.L.aif */,
				48BB21AF16C431D80021E05F /* G2.L.aif */,
				48BB21B016C431D80021E05F /* G3.L.aif */,
				48BB21B116C431D80021E05F /* G4.L.aif */,
				48BB21B216C431D80021E05F /* G5.L.aif */,
				48BB21B316C431D80021E05F /* G5.R.aif */,
			);
			path = Audio;
			sourceTree = "<group>";
		};
		C9CDF79B11FDA7080016C1C5 /* Demo */ = {
			isa = PBXGroup;
			children = (
				28AD735F0D9D9599002E5188 /* MainWindow.xib */,
				2804203B108E9BAB000629CD /* DetailView.xib */,
				486AFF621658542D00FBFAD6 /* iPhone */,
				1D3623240D0F684500981E51 /* MGSplitViewAppDelegate.h */,
				1D3623250D0F684500981E51 /* MGSplitViewAppDelegate.m */,
				28042007108E984D000629CD /* RootViewController.h */,
				28042008108E984D000629CD /* RootViewController.m */,
				28042009108E984D000629CD /* DetailViewController.h */,
				2804200A108E984D000629CD /* DetailViewController.m */,
			);
			name = Demo;
			sourceTree = "<group>";
		};
		C9CDF79E11FDA7140016C1C5 /* MGSplitViewController */ = {
			isa = PBXGroup;
			children = (
				C9CDF79F11FDA7310016C1C5 /* MGSplitViewController.h */,
				C9CDF7A011FDA7310016C1C5 /* MGSplitViewController.m */,
				C9CDF83A11FDD8000016C1C5 /* MGSplitDividerView.h */,
				C9CDF83B11FDD8000016C1C5 /* MGSplitDividerView.m */,
				C98573701200823C001B5F94 /* MGSplitCornersView.h */,
				C98573711200823C001B5F94 /* MGSplitCornersView.m */,
			);
			name = MGSplitViewController;
			sourceTree = "<group>";
		};
/* End PBXGroup section */

/* Begin PBXNativeTarget section */
		1D6058900D05DD3D006BFB54 /* MT101 */ = {
			isa = PBXNativeTarget;
			buildConfigurationList = 1D6058960D05DD3E006BFB54 /* Build configuration list for PBXNativeTarget "MT101" */;
			buildPhases = (
				1D60588D0D05DD3D006BFB54 /* Resources */,
				1D60588E0D05DD3D006BFB54 /* Sources */,
				1D60588F0D05DD3D006BFB54 /* Frameworks */,
			);
			buildRules = (
			);
			dependencies = (
			);
			name = MT101;
			productName = MGSplitView;
			productReference = 1D6058910D05DD3D006BFB54 /* MT101.app */;
			productType = "com.apple.product-type.application";
		};
/* End PBXNativeTarget section */

/* Begin PBXProject section */
		29B97313FDCFA39411CA2CEA /* Project object */ = {
			isa = PBXProject;
			attributes = {
				LastUpgradeCheck = 0450;
			};
			buildConfigurationList = C01FCF4E08A954540054247B /* Build configuration list for PBXProject "MT101" */;
			compatibilityVersion = "Xcode 3.2";
			developmentRegion = English;
			hasScannedForEncodings = 1;
			knownRegions = (
				English,
				Japanese,
				French,
				German,
				en,
			);
			mainGroup = 29B97314FDCFA39411CA2CEA /* CustomTemplate */;
			projectDirPath = "";
			projectRoot = "";
			targets = (
				1D6058900D05DD3D006BFB54 /* MT101 */,
			);
		};
/* End PBXProject section */

/* Begin PBXResourcesBuildPhase section */
		1D60588D0D05DD3D006BFB54 /* Resources */ = {
			isa = PBXResourcesBuildPhase;
			buildActionMask = 2147483647;
			files = (
				28AD73600D9D9599002E5188 /* MainWindow.xib in Resources */,
				2804203C108E9BAB000629CD /* DetailView.xib in Resources */,
				480B3E6516AB7AFC00A3F687 /* MainWindow_iPhone.xib in Resources */,
				480B3E9C16AB80A500A3F687 /* RootViewController_iPhone.xib in Resources */,
				48C9BCD416AB82F1007EC563 /* Default copy.png in Resources */,
				48C9BCD516AB82F1007EC563 /* Default-568h@2x.png in Resources */,
				48C9BCD616AB82F1007EC563 /* Default-Landscape.png in Resources */,
				48C9BCD716AB82F1007EC563 /* Default-Landscape@2x.ai in Resources */,
				48C9BCD816AB82F1007EC563 /* Default-Landscape@2x~ipad.png in Resources */,
				48C9BCD916AB82F1007EC563 /* Default-Landscape~ipad.ai in Resources */,
				48C9BCDA16AB82F1007EC563 /* Default-Landscape~ipad.png in Resources */,
				48C9BCDB16AB82F1007EC563 /* Default-Portrait.png in Resources */,
				48C9BCDC16AB82F1007EC563 /* Default-Portrait@2x~ipad.png in Resources */,
				48C9BCDD16AB82F1007EC563 /* Default-Portrait~ipad.png in Resources */,
				48C9BCDE16AB82F1007EC563 /* Default.ai in Resources */,
				48C9BCDF16AB82F1007EC563 /* Default.png in Resources */,
				48C9BCE016AB82F1007EC563 /* Default@2x.ai in Resources */,
				48C9BCE116AB82F1007EC563 /* Default@2x.png in Resources */,
				48C9BCEA16AB8408007EC563 /* icon.png in Resources */,
				48C9BCEC16AB841D007EC563 /* icon@2x.png in Resources */,
				48C9BCEE16AB8424007EC563 /* icon-72@2x.png in Resources */,
				48C9BCF016AB8434007EC563 /* icon-72.png in Resources */,
				48456B6216B09882001278CB /* Aeolian.pdf in Resources */,
				48456B6316B09882001278CB /* AltoClef.pdf in Resources */,
				48456B6416B09882001278CB /* BariToneClef.pdf in Resources */,
				48456B6516B09882001278CB /* BassClef.pdf in Resources */,
				48456B6616B09882001278CB /* ChromaticCircle.pdf in Resources */,
				48456B6716B09882001278CB /* CircleOfFifths.pdf in Resources */,
				48456B6816B09882001278CB /* Dorian.pdf in Resources */,
				48456B6916B09882001278CB /* Ionian.pdf in Resources */,
				48456B6A16B09882001278CB /* Locrian.pdf in Resources */,
				48456B6B16B09882001278CB /* Lydian.pdf in Resources */,
				48456B6C16B09882001278CB /* MezzoSopranoClef.pdf in Resources */,
				48456B6D16B09882001278CB /* MixoLydian.pdf in Resources */,
				48456B6E16B09882001278CB /* Phrygian.pdf in Resources */,
				48456B6F16B09882001278CB /* SolfegeFlats.pdf in Resources */,
				48456B7016B09882001278CB /* SolfegeNaturals.pdf in Resources */,
				48456B7116B09882001278CB /* SolfegeSharps.pdf in Resources */,
				48456B7216B09882001278CB /* SopranoClef.pdf in Resources */,
				48456B7316B09882001278CB /* SubBassClef.pdf in Resources */,
				48456B7416B09882001278CB /* TenorClef.pdf in Resources */,
				48456B7516B09882001278CB /* TheGrandStaff.pdf in Resources */,
				48456B7616B09882001278CB /* TrebleClef.pdf in Resources */,
				48456B7716B09882001278CB /* welcome.pdf in Resources */,
				48849CD016C3D17600BE741F /* CClefIcon.png in Resources */,
				48849CD116C3D17600BE741F /* CircleIcon.pdf in Resources */,
				48849CD216C3D17600BE741F /* CircleIcon.png in Resources */,
				48849CD316C3D17600BE741F /* DorianIcon.pdf in Resources */,
				48849CD416C3D17600BE741F /* DorianIcon.png in Resources */,
				48849CD516C3D17600BE741F /* FClefIcon.png in Resources */,
				48849CD616C3D17600BE741F /* IonianIcon.pdf in Resources */,
				48849CD716C3D17600BE741F /* IonianIcon.png in Resources */,
				48849CD816C3D17600BE741F /* LydianIcon.pdf in Resources */,
				48849CD916C3D17600BE741F /* LydianIcon.png in Resources */,
				48849CDA16C3D17600BE741F /* PhrygianIcon.pdf in Resources */,
				48849CDB16C3D17600BE741F /* PhrygianIcon.png in Resources */,
				48849CDC16C3D17600BE741F /* StaffIcon.pdf in Resources */,
				48849CDD16C3D17600BE741F /* StaffIcon.png in Resources */,
				48BB21B416C431D80021E05F /* A#.L.aif in Resources */,
				48BB21B516C431D80021E05F /* A#.R.aif in Resources */,
				48BB21B616C431D80021E05F /* A#2.L.aif in Resources */,
				48BB21B716C431D80021E05F /* A#3.L.aif in Resources */,
				48BB21B816C431D80021E05F /* A#4.L.aif in Resources */,
				48BB21B916C431D80021E05F /* A.L.aif in Resources */,
				48BB21BA16C431D80021E05F /* A2.L.aif in Resources */,
				48BB21BB16C431D80021E05F /* A3.L.aif in Resources */,
				48BB21BC16C431D80021E05F /* A4.L.aif in Resources */,
				48BB21E016C431D80021E05F /* B2.L.aif in Resources */,
				48BB21E116C431D80021E05F /* B3.L.aif in Resources */,
				48BB21E216C431D80021E05F /* B4.L.aif in Resources */,
				48BB21E316C431D80021E05F /* C#.L.aif in Resources */,
				48BB21E416C431D80021E05F /* C#2.L.aif in Resources */,
				48BB21E516C431D80021E05F /* C#3.L.aif in Resources */,
				48BB21E616C431D80021E05F /* C#4.L.aif in Resources */,
				48BB21E716C431D80021E05F /* C#5.L.aif in Resources */,
				48BB21E816C431D80021E05F /* C#5.R.aif in Resources */,
				48BB21E916C431D80021E05F /* C2.L.aif in Resources */,
				48BB21EA16C431D80021E05F /* C3.L.aif in Resources */,
				48BB21EB16C431D80021E05F /* C4.L.aif in Resources */,
				48BB21EC16C431D80021E05F /* C5.L.aif in Resources */,
				48BB21ED16C431D80021E05F /* D#.L.aif in Resources */,
				48BB21EE16C431D80021E05F /* D#2.L.aif in Resources */,
				48BB21EF16C431D80021E05F /* D#3.L.aif in Resources */,
				48BB21F016C431D80021E05F /* D#4.L.aif in Resources */,
				48BB21F116C431D80021E05F /* D#5.L.aif in Resources */,
				48BB21F216C431D80021E05F /* D#5.R.aif in Resources */,
				48BB21F316C431D80021E05F /* D.L.aif in Resources */,
				48BB21F416C431D80021E05F /* D2.L.aif in Resources */,
				48BB21F516C431D80021E05F /* D3.L.aif in Resources */,
				48BB21F616C431D80021E05F /* D4.L.aif in Resources */,
				48BB21F716C431D80021E05F /* D5.L.aif in Resources */,
				48BB21F816C431D80021E05F /* D5.R.aif in Resources */,
				48BB21F916C431D80021E05F /* E.L.aif in Resources */,
				48BB21FA16C431D80021E05F /* E2.L.aif in Resources */,
				48BB21FB16C431D80021E05F /* E3.L.aif in Resources */,
				48BB21FC16C431D80021E05F /* E4.L.aif in Resources */,
				48BB21FD16C431D80021E05F /* E5.L.aif in Resources */,
				48BB21FE16C431D80021E05F /* E5.R.aif in Resources */,
				48BB21FF16C431D80021E05F /* F#.L.aif in Resources */,
				48BB220016C431D80021E05F /* F#2.L.aif in Resources */,
				48BB220116C431D80021E05F /* F#3.L.aif in Resources */,
				48BB220216C431D80021E05F /* F#4.L.aif in Resources */,
				48BB220316C431D80021E05F /* F#5.L.aif in Resources */,
				48BB220416C431D80021E05F /* F#5.R.aif in Resources */,
				48BB220516C431D80021E05F /* F.L.aif in Resources */,
				48BB220616C431D80021E05F /* F2.L.aif in Resources */,
				48BB220716C431D80021E05F /* F3.L.aif in Resources */,
				48BB220816C431D80021E05F /* F4.L.aif in Resources */,
				48BB220916C431D80021E05F /* F5.L.aif in Resources */,
				48BB220A16C431D80021E05F /* F5.R.aif in Resources */,
				48BB220B16C431D80021E05F /* G#.L.aif in Resources */,
				48BB220C16C431D80021E05F /* G#2.L.aif in Resources */,
				48BB220D16C431D80021E05F /* G#3.L.aif in Resources */,
				48BB220E16C431D80021E05F /* G#4.L.aif in Resources */,
				48BB220F16C431D80021E05F /* G#5.L.aif in Resources */,
				48BB221016C431D80021E05F /* G#5.R.aif in Resources */,
				48BB221116C431D80021E05F /* G.L.aif in Resources */,
				48BB221216C431D80021E05F /* G2.L.aif in Resources */,
				48BB221316C431D80021E05F /* G3.L.aif in Resources */,
				48BB221416C431D80021E05F /* G4.L.aif in Resources */,
				48BB221516C431D80021E05F /* G5.L.aif in Resources */,
				48BB221616C431D80021E05F /* G5.R.aif in Resources */,
			);
			runOnlyForDeploymentPostprocessing = 0;
		};
/* End PBXResourcesBuildPhase section */

/* Begin PBXSourcesBuildPhase section */
		1D60588E0D05DD3D006BFB54 /* Sources */ = {
			isa = PBXSourcesBuildPhase;
			buildActionMask = 2147483647;
			files = (
				1D60589B0D05DD56006BFB54 /* main.m in Sources */,
				1D3623260D0F684500981E51 /* MGSplitViewAppDelegate.m in Sources */,
				2804200B108E984D000629CD /* RootViewController.m in Sources */,
				2804200C108E984D000629CD /* DetailViewController.m in Sources */,
				C9CDF7A111FDA7310016C1C5 /* MGSplitViewController.m in Sources */,
				C9CDF83C11FDD8000016C1C5 /* MGSplitDividerView.m in Sources */,
				C98573721200823C001B5F94 /* MGSplitCornersView.m in Sources */,
				486AFF651658575C00FBFAD6 /* MGSplitViewAppDelegate_iPhone.m in Sources */,
				486AFF691658594900FBFAD6 /* RootViewController_iPhone.m in Sources */,
				480C589016935A04001A7007 /* DetailViewController_iPhone.m in Sources */,
				48456B3616B07FE4001278CB /* NSString+MD5.m in Sources */,
				48456B3716B07FE4001278CB /* PDFView.m in Sources */,
				48456B3816B07FE4001278CB /* UIImage+PDF.m in Sources */,
				48456B3916B07FE4001278CB /* UIView+Image.m in Sources */,
				48BB214516C42EC40021E05F /* MixerHostAudio.m in Sources */,
			);
			runOnlyForDeploymentPostprocessing = 0;
		};
/* End PBXSourcesBuildPhase section */

/* Begin XCBuildConfiguration section */
		1D6058940D05DD3E006BFB54 /* Debug */ = {
			isa = XCBuildConfiguration;
			buildSettings = {
				ALWAYS_SEARCH_USER_PATHS = NO;
				COPY_PHASE_STRIP = NO;
				GCC_DYNAMIC_NO_PIC = NO;
				GCC_OPTIMIZATION_LEVEL = 0;
				GCC_PRECOMPILE_PREFIX_HEADER = YES;
				GCC_PREFIX_HEADER = MT101_Prefix.pch;
				GCC_VERSION = com.apple.compilers.llvm.clang.1_0;
				INFOPLIST_FILE = "MT101-Info.plist";
				IPHONEOS_DEPLOYMENT_TARGET = 6.0;
				PRODUCT_NAME = MT101;
				TARGETED_DEVICE_FAMILY = "1,2";
			};
			name = Debug;
		};
		1D6058950D05DD3E006BFB54 /* Release */ = {
			isa = XCBuildConfiguration;
			buildSettings = {
				ALWAYS_SEARCH_USER_PATHS = NO;
				COPY_PHASE_STRIP = YES;
				GCC_PRECOMPILE_PREFIX_HEADER = YES;
				GCC_PREFIX_HEADER = MT101_Prefix.pch;
				GCC_VERSION = com.apple.compilers.llvm.clang.1_0;
				INFOPLIST_FILE = "MT101-Info.plist";
				IPHONEOS_DEPLOYMENT_TARGET = 6.0;
				PRODUCT_NAME = MT101;
				TARGETED_DEVICE_FAMILY = "1,2";
				VALIDATE_PRODUCT = YES;
			};
			name = Release;
		};
		C01FCF4F08A954540054247B /* Debug */ = {
			isa = XCBuildConfiguration;
			buildSettings = {
				ARCHS = "$(ARCHS_UNIVERSAL_IPHONE_OS)";
				"CODE_SIGN_IDENTITY[sdk=iphoneos*]" = "iPhone Developer";
				GCC_C_LANGUAGE_STANDARD = c99;
				GCC_WARN_ABOUT_RETURN_TYPE = YES;
				GCC_WARN_UNUSED_VARIABLE = YES;
				IPHONEOS_DEPLOYMENT_TARGET = 6.0;
				SDKROOT = iphoneos;
				TARGETED_DEVICE_FAMILY = "1,2";
			};
			name = Debug;
		};
		C01FCF5008A954540054247B /* Release */ = {
			isa = XCBuildConfiguration;
			buildSettings = {
				ARCHS = "$(ARCHS_UNIVERSAL_IPHONE_OS)";
				"CODE_SIGN_IDENTITY[sdk=iphoneos*]" = "iPhone Developer";
				GCC_C_LANGUAGE_STANDARD = c99;
				GCC_WARN_ABOUT_RETURN_TYPE = YES;
				GCC_WARN_UNUSED_VARIABLE = YES;
				IPHONEOS_DEPLOYMENT_TARGET = 6.0;
				OTHER_CFLAGS = "-DNS_BLOCK_ASSERTIONS=1";
				SDKROOT = iphoneos;
				TARGETED_DEVICE_FAMILY = "1,2";
			};
			name = Release;
		};
/* End XCBuildConfiguration section */

/* Begin XCConfigurationList section */
		1D6058960D05DD3E006BFB54 /* Build configuration list for PBXNativeTarget "MT101" */ = {
			isa = XCConfigurationList;
			buildConfigurations = (
				1D6058940D05DD3E006BFB54 /* Debug */,
				1D6058950D05DD3E006BFB54 /* Release */,
			);
			defaultConfigurationIsVisible = 0;
			defaultConfigurationName = Release;
		};
		C01FCF4E08A954540054247B /* Build configuration list for PBXProject "MT101" */ = {
			isa = XCConfigurationList;
			buildConfigurations = (
				C01FCF4F08A954540054247B /* Debug */,
				C01FCF5008A954540054247B /* Release */,
			);
			defaultConfigurationIsVisible = 0;
			defaultConfigurationName = Release;
		};
/* End XCConfigurationList section */
	};
	rootObject = 29B97313FDCFA39411CA2CEA /* Project object */;
}
